// !$*UTF8*$!
{
	archiveVersion = 1;
	classes = {
	};
	objectVersion = 56;
	objects = {

/* Begin PBXBuildFile section */
		BB0A943C29C8993F0066EFD4 /* BooksStoreObsevableObject.swift in Sources */ = {isa = PBXBuildFile; fileRef = BB0A943B29C8993F0066EFD4 /* BooksStoreObsevableObject.swift */; };
		BB1B92D8299F9892005C3BD4 /* LatestBooksData.json in Resources */ = {isa = PBXBuildFile; fileRef = BB1B92D7299F9892005C3BD4 /* LatestBooksData.json */; };
		BB1B92DA299FA145005C3BD4 /* BookDetailViewModel.swift in Sources */ = {isa = PBXBuildFile; fileRef = BB1B92D9299FA145005C3BD4 /* BookDetailViewModel.swift */; };
		BB1B92DC299FB657005C3BD4 /* LongTextComponentView.swift in Sources */ = {isa = PBXBuildFile; fileRef = BB1B92DB299FB657005C3BD4 /* LongTextComponentView.swift */; };
		BB1B92DE299FB9E2005C3BD4 /* ZoomComponentView.swift in Sources */ = {isa = PBXBuildFile; fileRef = BB1B92DD299FB9E1005C3BD4 /* ZoomComponentView.swift */; };
		BB1C24AA29A77B1900714A4C /* BookCardComponentView.swift in Sources */ = {isa = PBXBuildFile; fileRef = BB1C24A929A77B1900714A4C /* BookCardComponentView.swift */; };
		BB1C24B129A79E1C00714A4C /* LoginView.swift in Sources */ = {isa = PBXBuildFile; fileRef = BB1C24B029A79E1C00714A4C /* LoginView.swift */; };
		BB1C24B329A79E3300714A4C /* RegistrationView.swift in Sources */ = {isa = PBXBuildFile; fileRef = BB1C24B229A79E3300714A4C /* RegistrationView.swift */; };
		BB1C24B529A79E5700714A4C /* AccountRecoveryView.swift in Sources */ = {isa = PBXBuildFile; fileRef = BB1C24B429A79E5700714A4C /* AccountRecoveryView.swift */; };
		BB24932629B65A61007E7932 /* ModelDefinition.swift in Sources */ = {isa = PBXBuildFile; fileRef = BB24932529B65A61007E7932 /* ModelDefinition.swift */; };
		BB24932829B65BBB007E7932 /* ContentView.swift in Sources */ = {isa = PBXBuildFile; fileRef = BB24932729B65BBB007E7932 /* ContentView.swift */; };
		BB34152329A60552007C0A65 /* InfiniteLoopBugExampleView.swift in Sources */ = {isa = PBXBuildFile; fileRef = BB34152229A60552007C0A65 /* InfiniteLoopBugExampleView.swift */; };
		BB34152529A606ED007C0A65 /* Color+Extension.swift in Sources */ = {isa = PBXBuildFile; fileRef = BB34152429A606ED007C0A65 /* Color+Extension.swift */; };
		BB34152729A61601007C0A65 /* CartViewRow.swift in Sources */ = {isa = PBXBuildFile; fileRef = BB34152629A61601007C0A65 /* CartViewRow.swift */; };
		BB34152929A61C08007C0A65 /* ApplePayButtonComponentView.swift in Sources */ = {isa = PBXBuildFile; fileRef = BB34152829A61C08007C0A65 /* ApplePayButtonComponentView.swift */; };
		BB34152B29A62745007C0A65 /* ApplePayHandler.swift in Sources */ = {isa = PBXBuildFile; fileRef = BB34152A29A62745007C0A65 /* ApplePayHandler.swift */; };
		BB3A7D9329A4C8F3009714A3 /* AccountView.swift in Sources */ = {isa = PBXBuildFile; fileRef = BB3A7D9229A4C8F3009714A3 /* AccountView.swift */; };
		BB3A7D9529A4E16C009714A3 /* AccountObservableObject.swift in Sources */ = {isa = PBXBuildFile; fileRef = BB3A7D9429A4E16C009714A3 /* AccountObservableObject.swift */; };
		BB3A7D9729A50CD9009714A3 /* CartButton.swift in Sources */ = {isa = PBXBuildFile; fileRef = BB3A7D9629A50CD9009714A3 /* CartButton.swift */; };
		BB3A7D9929A5149A009714A3 /* CartView.swift in Sources */ = {isa = PBXBuildFile; fileRef = BB3A7D9829A5149A009714A3 /* CartView.swift */; };
		BB3B649D29A3908F005D41CF /* ExpandableComponentView.swift in Sources */ = {isa = PBXBuildFile; fileRef = BB3B649C29A3908F005D41CF /* ExpandableComponentView.swift */; };
		BB3B64A029A3B916005D41CF /* EnvironmentFormatter.swift in Sources */ = {isa = PBXBuildFile; fileRef = BB3B649F29A3B916005D41CF /* EnvironmentFormatter.swift */; };
		BB3B64A329A3C70B005D41CF /* String+Extension.swift in Sources */ = {isa = PBXBuildFile; fileRef = BB3B64A229A3C70B005D41CF /* String+Extension.swift */; };
		BB424AE3299BC6AE0061A5C3 /* Documentation.docc in Sources */ = {isa = PBXBuildFile; fileRef = BB424AE2299BC6AE0061A5C3 /* Documentation.docc */; };
		BB424AEA299BE1EA0061A5C3 /* NetworkStatus.swift in Sources */ = {isa = PBXBuildFile; fileRef = BB424AE9299BE1EA0061A5C3 /* NetworkStatus.swift */; };
		BB424AED299BEF9F0061A5C3 /* AppOfflineView.swift in Sources */ = {isa = PBXBuildFile; fileRef = BB424AEC299BEF9F0061A5C3 /* AppOfflineView.swift */; };
		BB424AF1299BF0370061A5C3 /* Localizable.strings in Resources */ = {isa = PBXBuildFile; fileRef = BB424AF3299BF0370061A5C3 /* Localizable.strings */; };
		BB424AFF299BF1C20061A5C3 /* localizable+extension.swift in Sources */ = {isa = PBXBuildFile; fileRef = BB424AFE299BF1C20061A5C3 /* localizable+extension.swift */; };
		BB424B02299CD9A60061A5C3 /* NetworkError.swift in Sources */ = {isa = PBXBuildFile; fileRef = BB424B01299CD9A60061A5C3 /* NetworkError.swift */; };
		BB424B06299CE1AA0061A5C3 /* NetworkClient.swift in Sources */ = {isa = PBXBuildFile; fileRef = BB424B05299CE1AA0061A5C3 /* NetworkClient.swift */; };
		BB424B08299CF1450061A5C3 /* BookModel.swift in Sources */ = {isa = PBXBuildFile; fileRef = BB424B07299CF1450061A5C3 /* BookModel.swift */; };
		BB424B0A299CF4A10061A5C3 /* AuthorModel.swift in Sources */ = {isa = PBXBuildFile; fileRef = BB424B09299CF4A10061A5C3 /* AuthorModel.swift */; };
		BB424B0E299CF5760061A5C3 /* User.swift in Sources */ = {isa = PBXBuildFile; fileRef = BB424B0D299CF5760061A5C3 /* User.swift */; };
		BB424B10299CFCB60061A5C3 /* OrderModel.swift in Sources */ = {isa = PBXBuildFile; fileRef = BB424B0F299CFCB60061A5C3 /* OrderModel.swift */; };
		BB424B12299D09680061A5C3 /* AppTabView.swift in Sources */ = {isa = PBXBuildFile; fileRef = BB424B11299D09680061A5C3 /* AppTabView.swift */; };
		BB4BA601299E5CC5007095C6 /* ListBooksView.swift in Sources */ = {isa = PBXBuildFile; fileRef = BB4BA600299E5CC5007095C6 /* ListBooksView.swift */; };
		BB4BA604299E5D50007095C6 /* BookCell.swift in Sources */ = {isa = PBXBuildFile; fileRef = BB4BA603299E5D50007095C6 /* BookCell.swift */; };
		BB4BA606299E651A007095C6 /* RatingView.swift in Sources */ = {isa = PBXBuildFile; fileRef = BB4BA605299E651A007095C6 /* RatingView.swift */; };
		BB4BA608299E78EA007095C6 /* BookDetailView.swift in Sources */ = {isa = PBXBuildFile; fileRef = BB4BA607299E78EA007095C6 /* BookDetailView.swift */; };
		BB4BA60B299E7B1A007095C6 /* ReadBooksListView.swift in Sources */ = {isa = PBXBuildFile; fileRef = BB4BA60A299E7B1A007095C6 /* ReadBooksListView.swift */; };
		BB4DB78729B8C9D500D6BDD8 /* NetworkInterface.swift in Sources */ = {isa = PBXBuildFile; fileRef = BB4DB78629B8C9D500D6BDD8 /* NetworkInterface.swift */; };
		BB63DC2E29C1D356002A6078 /* Tests.swift in Sources */ = {isa = PBXBuildFile; fileRef = BB63DC2D29C1D356002A6078 /* Tests.swift */; };
		BB63DC3529C1D378002A6078 /* StorageTest.swift in Sources */ = {isa = PBXBuildFile; fileRef = BB63DC3429C1D378002A6078 /* StorageTest.swift */; };
		BB63DC3829C1D9C1002A6078 /* TestStrings.swift in Sources */ = {isa = PBXBuildFile; fileRef = BB63DC3729C1D9C1002A6078 /* TestStrings.swift */; };
		BBA359EA29BB575B005A2F74 /* Constants.swift in Sources */ = {isa = PBXBuildFile; fileRef = BBA359E929BB575B005A2F74 /* Constants.swift */; };
		BBA359F029BB6B71005A2F74 /* AuthenticationRequest.swift in Sources */ = {isa = PBXBuildFile; fileRef = BBA359EF29BB6B71005A2F74 /* AuthenticationRequest.swift */; };
		BBA359F429BB8315005A2F74 /* DataEncryptionManager.swift in Sources */ = {isa = PBXBuildFile; fileRef = BBA359F329BB8315005A2F74 /* DataEncryptionManager.swift */; };
		BBA359F629BB83B5005A2F74 /* StorageKeys.swift in Sources */ = {isa = PBXBuildFile; fileRef = BBA359F529BB83B5005A2F74 /* StorageKeys.swift */; };
		BBA359F829BB83F7005A2F74 /* KeychainConfiguration.swift in Sources */ = {isa = PBXBuildFile; fileRef = BBA359F729BB83F7005A2F74 /* KeychainConfiguration.swift */; };
		BBB6A22D2993FAB2005C0FF4 /* Libreria_TrantorApp.swift in Sources */ = {isa = PBXBuildFile; fileRef = BBB6A22C2993FAB2005C0FF4 /* Libreria_TrantorApp.swift */; };
		BBB6A22F2993FAB2005C0FF4 /* ScrollViewDDura.swift in Sources */ = {isa = PBXBuildFile; fileRef = BBB6A22E2993FAB2005C0FF4 /* ScrollViewDDura.swift */; };
		BBB6A2312993FAB3005C0FF4 /* Assets.xcassets in Resources */ = {isa = PBXBuildFile; fileRef = BBB6A2302993FAB3005C0FF4 /* Assets.xcassets */; };
		BBB6A2342993FAB3005C0FF4 /* Preview Assets.xcassets in Resources */ = {isa = PBXBuildFile; fileRef = BBB6A2332993FAB3005C0FF4 /* Preview Assets.xcassets */; };
		BBB6A23B2993FE38005C0FF4 /* BooksData.json in Resources */ = {isa = PBXBuildFile; fileRef = BBB6A23A2993FE38005C0FF4 /* BooksData.json */; };
		BBC193D1299E2909006219CD /* OffsetObservingScrollView.swift in Sources */ = {isa = PBXBuildFile; fileRef = BBC193D0299E2909006219CD /* OffsetObservingScrollView.swift */; };
		BBC193D4299E425C006219CD /* AuthorsData.json in Resources */ = {isa = PBXBuildFile; fileRef = BBC193D3299E425C006219CD /* AuthorsData.json */; };
		BBC193D6299E42C6006219CD /* ModelPersistence.swift in Sources */ = {isa = PBXBuildFile; fileRef = BBC193D5299E42C6006219CD /* ModelPersistence.swift */; };
		BBC193DA299E4948006219CD /* BaseObservableObject.swift in Sources */ = {isa = PBXBuildFile; fileRef = BBC193D9299E4948006219CD /* BaseObservableObject.swift */; };
		BBC193DC299E4CC1006219CD /* AppDelegate.swift in Sources */ = {isa = PBXBuildFile; fileRef = BBC193DB299E4CC1006219CD /* AppDelegate.swift */; };
		BBC567F029BCA6E600F69152 /* DDura_Libreria_TrantorUITests.swift in Sources */ = {isa = PBXBuildFile; fileRef = BBC567EF29BCA6E600F69152 /* DDura_Libreria_TrantorUITests.swift */; };
		BBC567F229BCA6E600F69152 /* DDura_Libreria_TrantorUITestsLaunchTests.swift in Sources */ = {isa = PBXBuildFile; fileRef = BBC567F129BCA6E600F69152 /* DDura_Libreria_TrantorUITestsLaunchTests.swift */; };
		BBCDF4E229D47499004636CD /* ReadBooksModel.swift in Sources */ = {isa = PBXBuildFile; fileRef = BBCDF4E129D47499004636CD /* ReadBooksModel.swift */; };
		BBD3C75B29C9D3F3009EFF4E /* EmptyAPIResponse.swift in Sources */ = {isa = PBXBuildFile; fileRef = BBD3C75A29C9D3F3009EFF4E /* EmptyAPIResponse.swift */; };
		BBD3C75E29C9D8A9009EFF4E /* ShopRequest.swift in Sources */ = {isa = PBXBuildFile; fileRef = BBD3C75D29C9D8A9009EFF4E /* ShopRequest.swift */; };
		BBD3C76029C9FF21009EFF4E /* Encodable+Extension.swift in Sources */ = {isa = PBXBuildFile; fileRef = BBD3C75F29C9FF21009EFF4E /* Encodable+Extension.swift */; };
		BBD75AD329D2FD520013A548 /* ClientRequest.swift in Sources */ = {isa = PBXBuildFile; fileRef = BBD75AD229D2FD520013A548 /* ClientRequest.swift */; };
		BBD75AD529D304C00013A548 /* ClientReportResponse.swift in Sources */ = {isa = PBXBuildFile; fileRef = BBD75AD429D304C00013A548 /* ClientReportResponse.swift */; };
		BBDD00FD29B9FDC900A41F99 /* APIRequest.swift in Sources */ = {isa = PBXBuildFile; fileRef = BBDD00FC29B9FDC900A41F99 /* APIRequest.swift */; };
		BBFEE6F029D54459001BD6CF /* ShakeAnimation.swift in Sources */ = {isa = PBXBuildFile; fileRef = BBFEE6EF29D54459001BD6CF /* ShakeAnimation.swift */; };
/* End PBXBuildFile section */

/* Begin PBXContainerItemProxy section */
		BB63DC2F29C1D356002A6078 /* PBXContainerItemProxy */ = {
			isa = PBXContainerItemProxy;
			containerPortal = BBB6A2212993FAB2005C0FF4 /* Project object */;
			proxyType = 1;
			remoteGlobalIDString = BBB6A2282993FAB2005C0FF4;
			remoteInfo = "DDura Libreria Trantor";
		};
		BBC193E6299E54E1006219CD /* PBXContainerItemProxy */ = {
			isa = PBXContainerItemProxy;
			containerPortal = BBB6A2212993FAB2005C0FF4 /* Project object */;
			proxyType = 1;
			remoteGlobalIDString = BBB6A2282993FAB2005C0FF4;
			remoteInfo = "Libreria Trantor";
		};
		BBC567F329BCA6E600F69152 /* PBXContainerItemProxy */ = {
			isa = PBXContainerItemProxy;
			containerPortal = BBB6A2212993FAB2005C0FF4 /* Project object */;
			proxyType = 1;
			remoteGlobalIDString = BBB6A2282993FAB2005C0FF4;
			remoteInfo = "DDura Libreria Trantor";
		};
/* End PBXContainerItemProxy section */

/* Begin PBXFileReference section */
		BB0A943B29C8993F0066EFD4 /* BooksStoreObsevableObject.swift */ = {isa = PBXFileReference; lastKnownFileType = sourcecode.swift; path = BooksStoreObsevableObject.swift; sourceTree = "<group>"; };
		BB1B92D7299F9892005C3BD4 /* LatestBooksData.json */ = {isa = PBXFileReference; fileEncoding = 4; lastKnownFileType = text.json; path = LatestBooksData.json; sourceTree = "<group>"; };
		BB1B92D9299FA145005C3BD4 /* BookDetailViewModel.swift */ = {isa = PBXFileReference; lastKnownFileType = sourcecode.swift; path = BookDetailViewModel.swift; sourceTree = "<group>"; };
		BB1B92DB299FB657005C3BD4 /* LongTextComponentView.swift */ = {isa = PBXFileReference; lastKnownFileType = sourcecode.swift; path = LongTextComponentView.swift; sourceTree = "<group>"; };
		BB1B92DD299FB9E1005C3BD4 /* ZoomComponentView.swift */ = {isa = PBXFileReference; lastKnownFileType = sourcecode.swift; path = ZoomComponentView.swift; sourceTree = "<group>"; };
		BB1C24A929A77B1900714A4C /* BookCardComponentView.swift */ = {isa = PBXFileReference; lastKnownFileType = sourcecode.swift; path = BookCardComponentView.swift; sourceTree = "<group>"; };
		BB1C24B029A79E1C00714A4C /* LoginView.swift */ = {isa = PBXFileReference; lastKnownFileType = sourcecode.swift; path = LoginView.swift; sourceTree = "<group>"; };
		BB1C24B229A79E3300714A4C /* RegistrationView.swift */ = {isa = PBXFileReference; lastKnownFileType = sourcecode.swift; path = RegistrationView.swift; sourceTree = "<group>"; };
		BB1C24B429A79E5700714A4C /* AccountRecoveryView.swift */ = {isa = PBXFileReference; lastKnownFileType = sourcecode.swift; path = AccountRecoveryView.swift; sourceTree = "<group>"; };
		BB24932529B65A61007E7932 /* ModelDefinition.swift */ = {isa = PBXFileReference; lastKnownFileType = sourcecode.swift; path = ModelDefinition.swift; sourceTree = "<group>"; };
		BB24932729B65BBB007E7932 /* ContentView.swift */ = {isa = PBXFileReference; lastKnownFileType = sourcecode.swift; path = ContentView.swift; sourceTree = "<group>"; };
		BB34152229A60552007C0A65 /* InfiniteLoopBugExampleView.swift */ = {isa = PBXFileReference; lastKnownFileType = sourcecode.swift; path = InfiniteLoopBugExampleView.swift; sourceTree = "<group>"; };
		BB34152429A606ED007C0A65 /* Color+Extension.swift */ = {isa = PBXFileReference; lastKnownFileType = sourcecode.swift; path = "Color+Extension.swift"; sourceTree = "<group>"; };
		BB34152629A61601007C0A65 /* CartViewRow.swift */ = {isa = PBXFileReference; lastKnownFileType = sourcecode.swift; path = CartViewRow.swift; sourceTree = "<group>"; };
		BB34152829A61C08007C0A65 /* ApplePayButtonComponentView.swift */ = {isa = PBXFileReference; lastKnownFileType = sourcecode.swift; path = ApplePayButtonComponentView.swift; sourceTree = "<group>"; };
		BB34152A29A62745007C0A65 /* ApplePayHandler.swift */ = {isa = PBXFileReference; lastKnownFileType = sourcecode.swift; path = ApplePayHandler.swift; sourceTree = "<group>"; };
		BB3A7D9229A4C8F3009714A3 /* AccountView.swift */ = {isa = PBXFileReference; lastKnownFileType = sourcecode.swift; path = AccountView.swift; sourceTree = "<group>"; };
		BB3A7D9429A4E16C009714A3 /* AccountObservableObject.swift */ = {isa = PBXFileReference; lastKnownFileType = sourcecode.swift; path = AccountObservableObject.swift; sourceTree = "<group>"; };
		BB3A7D9629A50CD9009714A3 /* CartButton.swift */ = {isa = PBXFileReference; lastKnownFileType = sourcecode.swift; path = CartButton.swift; sourceTree = "<group>"; };
		BB3A7D9829A5149A009714A3 /* CartView.swift */ = {isa = PBXFileReference; lastKnownFileType = sourcecode.swift; path = CartView.swift; sourceTree = "<group>"; };
		BB3B649C29A3908F005D41CF /* ExpandableComponentView.swift */ = {isa = PBXFileReference; lastKnownFileType = sourcecode.swift; path = ExpandableComponentView.swift; sourceTree = "<group>"; };
		BB3B649F29A3B916005D41CF /* EnvironmentFormatter.swift */ = {isa = PBXFileReference; lastKnownFileType = sourcecode.swift; path = EnvironmentFormatter.swift; sourceTree = "<group>"; };
		BB3B64A229A3C70B005D41CF /* String+Extension.swift */ = {isa = PBXFileReference; lastKnownFileType = sourcecode.swift; path = "String+Extension.swift"; sourceTree = "<group>"; };
		BB424AE2299BC6AE0061A5C3 /* Documentation.docc */ = {isa = PBXFileReference; lastKnownFileType = folder.documentationcatalog; path = Documentation.docc; sourceTree = "<group>"; };
		BB424AE9299BE1EA0061A5C3 /* NetworkStatus.swift */ = {isa = PBXFileReference; lastKnownFileType = sourcecode.swift; path = NetworkStatus.swift; sourceTree = "<group>"; };
		BB424AEC299BEF9F0061A5C3 /* AppOfflineView.swift */ = {isa = PBXFileReference; lastKnownFileType = sourcecode.swift; path = AppOfflineView.swift; sourceTree = "<group>"; };
		BB424AF2299BF0370061A5C3 /* en */ = {isa = PBXFileReference; lastKnownFileType = text.plist.strings; name = en; path = en.lproj/Localizable.strings; sourceTree = "<group>"; };
		BB424AF9299BF0970061A5C3 /* es */ = {isa = PBXFileReference; lastKnownFileType = text.plist.strings; name = es; path = es.lproj/Localizable.strings; sourceTree = "<group>"; };
		BB424AFD299BF1180061A5C3 /* ca */ = {isa = PBXFileReference; lastKnownFileType = text.plist.strings; name = ca; path = ca.lproj/Localizable.strings; sourceTree = "<group>"; };
		BB424AFE299BF1C20061A5C3 /* localizable+extension.swift */ = {isa = PBXFileReference; lastKnownFileType = sourcecode.swift; path = "localizable+extension.swift"; sourceTree = "<group>"; };
		BB424B00299BF3940061A5C3 /* Libreria-Trantor-Info.plist */ = {isa = PBXFileReference; lastKnownFileType = text.plist.xml; name = "Libreria-Trantor-Info.plist"; path = "Libreria Trantor/System/Libreria-Trantor-Info.plist"; sourceTree = SOURCE_ROOT; };
		BB424B01299CD9A60061A5C3 /* NetworkError.swift */ = {isa = PBXFileReference; lastKnownFileType = sourcecode.swift; path = NetworkError.swift; sourceTree = "<group>"; };
		BB424B05299CE1AA0061A5C3 /* NetworkClient.swift */ = {isa = PBXFileReference; lastKnownFileType = sourcecode.swift; path = NetworkClient.swift; sourceTree = "<group>"; };
		BB424B07299CF1450061A5C3 /* BookModel.swift */ = {isa = PBXFileReference; lastKnownFileType = sourcecode.swift; path = BookModel.swift; sourceTree = "<group>"; };
		BB424B09299CF4A10061A5C3 /* AuthorModel.swift */ = {isa = PBXFileReference; lastKnownFileType = sourcecode.swift; path = AuthorModel.swift; sourceTree = "<group>"; };
		BB424B0D299CF5760061A5C3 /* User.swift */ = {isa = PBXFileReference; lastKnownFileType = sourcecode.swift; path = User.swift; sourceTree = "<group>"; };
		BB424B0F299CFCB60061A5C3 /* OrderModel.swift */ = {isa = PBXFileReference; lastKnownFileType = sourcecode.swift; path = OrderModel.swift; sourceTree = "<group>"; };
		BB424B11299D09680061A5C3 /* AppTabView.swift */ = {isa = PBXFileReference; lastKnownFileType = sourcecode.swift; path = AppTabView.swift; sourceTree = "<group>"; };
		BB4BA600299E5CC5007095C6 /* ListBooksView.swift */ = {isa = PBXFileReference; lastKnownFileType = sourcecode.swift; path = ListBooksView.swift; sourceTree = "<group>"; };
		BB4BA603299E5D50007095C6 /* BookCell.swift */ = {isa = PBXFileReference; lastKnownFileType = sourcecode.swift; path = BookCell.swift; sourceTree = "<group>"; };
		BB4BA605299E651A007095C6 /* RatingView.swift */ = {isa = PBXFileReference; lastKnownFileType = sourcecode.swift; path = RatingView.swift; sourceTree = "<group>"; };
		BB4BA607299E78EA007095C6 /* BookDetailView.swift */ = {isa = PBXFileReference; lastKnownFileType = sourcecode.swift; path = BookDetailView.swift; sourceTree = "<group>"; };
		BB4BA60A299E7B1A007095C6 /* ReadBooksListView.swift */ = {isa = PBXFileReference; lastKnownFileType = sourcecode.swift; path = ReadBooksListView.swift; sourceTree = "<group>"; };
		BB4DB78629B8C9D500D6BDD8 /* NetworkInterface.swift */ = {isa = PBXFileReference; lastKnownFileType = sourcecode.swift; path = NetworkInterface.swift; sourceTree = "<group>"; };
		BB63DC2B29C1D356002A6078 /* Tests.xctest */ = {isa = PBXFileReference; explicitFileType = wrapper.cfbundle; includeInIndex = 0; path = Tests.xctest; sourceTree = BUILT_PRODUCTS_DIR; };
		BB63DC2D29C1D356002A6078 /* Tests.swift */ = {isa = PBXFileReference; lastKnownFileType = sourcecode.swift; path = Tests.swift; sourceTree = "<group>"; };
		BB63DC3429C1D378002A6078 /* StorageTest.swift */ = {isa = PBXFileReference; lastKnownFileType = sourcecode.swift; path = StorageTest.swift; sourceTree = "<group>"; };
		BB63DC3729C1D9C1002A6078 /* TestStrings.swift */ = {isa = PBXFileReference; lastKnownFileType = sourcecode.swift; path = TestStrings.swift; sourceTree = "<group>"; };
		BBA359E929BB575B005A2F74 /* Constants.swift */ = {isa = PBXFileReference; lastKnownFileType = sourcecode.swift; path = Constants.swift; sourceTree = "<group>"; };
		BBA359EF29BB6B71005A2F74 /* AuthenticationRequest.swift */ = {isa = PBXFileReference; lastKnownFileType = sourcecode.swift; path = AuthenticationRequest.swift; sourceTree = "<group>"; };
		BBA359F329BB8315005A2F74 /* DataEncryptionManager.swift */ = {isa = PBXFileReference; lastKnownFileType = sourcecode.swift; path = DataEncryptionManager.swift; sourceTree = "<group>"; };
		BBA359F529BB83B5005A2F74 /* StorageKeys.swift */ = {isa = PBXFileReference; lastKnownFileType = sourcecode.swift; path = StorageKeys.swift; sourceTree = "<group>"; };
		BBA359F729BB83F7005A2F74 /* KeychainConfiguration.swift */ = {isa = PBXFileReference; lastKnownFileType = sourcecode.swift; path = KeychainConfiguration.swift; sourceTree = "<group>"; };
		BBB6A2292993FAB2005C0FF4 /* DDura Libreria Trantor.app */ = {isa = PBXFileReference; explicitFileType = wrapper.application; includeInIndex = 0; path = "DDura Libreria Trantor.app"; sourceTree = BUILT_PRODUCTS_DIR; };
		BBB6A22C2993FAB2005C0FF4 /* Libreria_TrantorApp.swift */ = {isa = PBXFileReference; lastKnownFileType = sourcecode.swift; path = Libreria_TrantorApp.swift; sourceTree = "<group>"; };
		BBB6A22E2993FAB2005C0FF4 /* ScrollViewDDura.swift */ = {isa = PBXFileReference; lastKnownFileType = sourcecode.swift; path = ScrollViewDDura.swift; sourceTree = "<group>"; };
		BBB6A2302993FAB3005C0FF4 /* Assets.xcassets */ = {isa = PBXFileReference; lastKnownFileType = folder.assetcatalog; path = Assets.xcassets; sourceTree = "<group>"; };
		BBB6A2332993FAB3005C0FF4 /* Preview Assets.xcassets */ = {isa = PBXFileReference; lastKnownFileType = folder.assetcatalog; path = "Preview Assets.xcassets"; sourceTree = "<group>"; };
		BBB6A23A2993FE38005C0FF4 /* BooksData.json */ = {isa = PBXFileReference; fileEncoding = 4; lastKnownFileType = text.json; name = BooksData.json; path = "Libreria Trantor/Resources/Data/BooksData.json"; sourceTree = SOURCE_ROOT; };
		BBC193D0299E2909006219CD /* OffsetObservingScrollView.swift */ = {isa = PBXFileReference; lastKnownFileType = sourcecode.swift; path = OffsetObservingScrollView.swift; sourceTree = "<group>"; };
		BBC193D3299E425C006219CD /* AuthorsData.json */ = {isa = PBXFileReference; fileEncoding = 4; lastKnownFileType = text.json; path = AuthorsData.json; sourceTree = "<group>"; };
		BBC193D5299E42C6006219CD /* ModelPersistence.swift */ = {isa = PBXFileReference; lastKnownFileType = sourcecode.swift; path = ModelPersistence.swift; sourceTree = "<group>"; };
		BBC193D9299E4948006219CD /* BaseObservableObject.swift */ = {isa = PBXFileReference; lastKnownFileType = sourcecode.swift; path = BaseObservableObject.swift; sourceTree = "<group>"; };
		BBC193DB299E4CC1006219CD /* AppDelegate.swift */ = {isa = PBXFileReference; lastKnownFileType = sourcecode.swift; path = AppDelegate.swift; sourceTree = "<group>"; };
		BBC193E2299E54E1006219CD /* LibreriaTrantorTests.xctest */ = {isa = PBXFileReference; explicitFileType = wrapper.cfbundle; includeInIndex = 0; path = LibreriaTrantorTests.xctest; sourceTree = BUILT_PRODUCTS_DIR; };
		BBC567ED29BCA6E600F69152 /* DDura Libreria TrantorUITests.xctest */ = {isa = PBXFileReference; explicitFileType = wrapper.cfbundle; includeInIndex = 0; path = "DDura Libreria TrantorUITests.xctest"; sourceTree = BUILT_PRODUCTS_DIR; };
		BBC567EF29BCA6E600F69152 /* DDura_Libreria_TrantorUITests.swift */ = {isa = PBXFileReference; lastKnownFileType = sourcecode.swift; path = DDura_Libreria_TrantorUITests.swift; sourceTree = "<group>"; };
		BBC567F129BCA6E600F69152 /* DDura_Libreria_TrantorUITestsLaunchTests.swift */ = {isa = PBXFileReference; lastKnownFileType = sourcecode.swift; path = DDura_Libreria_TrantorUITestsLaunchTests.swift; sourceTree = "<group>"; };
		BBCDF4E129D47499004636CD /* ReadBooksModel.swift */ = {isa = PBXFileReference; lastKnownFileType = sourcecode.swift; path = ReadBooksModel.swift; sourceTree = "<group>"; };
		BBD3C75A29C9D3F3009EFF4E /* EmptyAPIResponse.swift */ = {isa = PBXFileReference; lastKnownFileType = sourcecode.swift; path = EmptyAPIResponse.swift; sourceTree = "<group>"; };
		BBD3C75D29C9D8A9009EFF4E /* ShopRequest.swift */ = {isa = PBXFileReference; lastKnownFileType = sourcecode.swift; path = ShopRequest.swift; sourceTree = "<group>"; };
		BBD3C75F29C9FF21009EFF4E /* Encodable+Extension.swift */ = {isa = PBXFileReference; lastKnownFileType = sourcecode.swift; path = "Encodable+Extension.swift"; sourceTree = "<group>"; };
		BBD75AD229D2FD520013A548 /* ClientRequest.swift */ = {isa = PBXFileReference; lastKnownFileType = sourcecode.swift; path = ClientRequest.swift; sourceTree = "<group>"; };
		BBD75AD429D304C00013A548 /* ClientReportResponse.swift */ = {isa = PBXFileReference; lastKnownFileType = sourcecode.swift; path = ClientReportResponse.swift; sourceTree = "<group>"; };
		BBDD00FC29B9FDC900A41F99 /* APIRequest.swift */ = {isa = PBXFileReference; lastKnownFileType = sourcecode.swift; path = APIRequest.swift; sourceTree = "<group>"; };
		BBFEE6EF29D54459001BD6CF /* ShakeAnimation.swift */ = {isa = PBXFileReference; lastKnownFileType = sourcecode.swift; path = ShakeAnimation.swift; sourceTree = "<group>"; };
/* End PBXFileReference section */

/* Begin PBXFrameworksBuildPhase section */
		BB63DC2829C1D356002A6078 /* Frameworks */ = {
			isa = PBXFrameworksBuildPhase;
			buildActionMask = 2147483647;
			files = (
			);
			runOnlyForDeploymentPostprocessing = 0;
		};
		BBB6A2262993FAB2005C0FF4 /* Frameworks */ = {
			isa = PBXFrameworksBuildPhase;
			buildActionMask = 2147483647;
			files = (
			);
			runOnlyForDeploymentPostprocessing = 0;
		};
		BBC193DF299E54E1006219CD /* Frameworks */ = {
			isa = PBXFrameworksBuildPhase;
			buildActionMask = 2147483647;
			files = (
			);
			runOnlyForDeploymentPostprocessing = 0;
		};
		BBC567EA29BCA6E600F69152 /* Frameworks */ = {
			isa = PBXFrameworksBuildPhase;
			buildActionMask = 2147483647;
			files = (
			);
			runOnlyForDeploymentPostprocessing = 0;
		};
/* End PBXFrameworksBuildPhase section */

/* Begin PBXGroup section */
		BB1C24AE29A79DE600714A4C /* Authentification */ = {
			isa = PBXGroup;
			children = (
				BB3A7D9429A4E16C009714A3 /* AccountObservableObject.swift */,
				BB1C24B729A7A4B200714A4C /* SignUp */,
				BB1C24B629A7A4AA00714A4C /* Login */,
				BB1C24B429A79E5700714A4C /* AccountRecoveryView.swift */,
			);
			path = Authentification;
			sourceTree = "<group>";
		};
		BB1C24B629A7A4AA00714A4C /* Login */ = {
			isa = PBXGroup;
			children = (
				BB1C24B029A79E1C00714A4C /* LoginView.swift */,
			);
			path = Login;
			sourceTree = "<group>";
		};
		BB1C24B729A7A4B200714A4C /* SignUp */ = {
			isa = PBXGroup;
			children = (
				BB1C24B229A79E3300714A4C /* RegistrationView.swift */,
			);
			path = SignUp;
			sourceTree = "<group>";
		};
		BB34152129A60510007C0A65 /* Debugging */ = {
			isa = PBXGroup;
			children = (
				BB34152229A60552007C0A65 /* InfiniteLoopBugExampleView.swift */,
			);
			path = Debugging;
			sourceTree = "<group>";
		};
		BB3B649E29A3B8FA005D41CF /* Environment */ = {
			isa = PBXGroup;
			children = (
				BB3B649F29A3B916005D41CF /* EnvironmentFormatter.swift */,
			);
			path = Environment;
			sourceTree = "<group>";
		};
		BB3B64A129A3C6FA005D41CF /* Extensions */ = {
			isa = PBXGroup;
			children = (
				BB3B64A229A3C70B005D41CF /* String+Extension.swift */,
				BB34152429A606ED007C0A65 /* Color+Extension.swift */,
				BBD3C75F29C9FF21009EFF4E /* Encodable+Extension.swift */,
			);
			path = Extensions;
			sourceTree = "<group>";
		};
		BB424AE4299BC93D0061A5C3 /* Scenes */ = {
			isa = PBXGroup;
			children = (
				BBD3C75429C9C51A009EFF4E /* Shop */,
				BB1C24AE29A79DE600714A4C /* Authentification */,
				BB424AEB299BEF460061A5C3 /* Components */,
				BB424B11299D09680061A5C3 /* AppTabView.swift */,
				BB424AEC299BEF9F0061A5C3 /* AppOfflineView.swift */,
			);
			path = Scenes;
			sourceTree = "<group>";
		};
		BB424AE5299BC94A0061A5C3 /* ObservableObjects */ = {
			isa = PBXGroup;
			children = (
				BBC193D9299E4948006219CD /* BaseObservableObject.swift */,
				BB0A943B29C8993F0066EFD4 /* BooksStoreObsevableObject.swift */,
				BB1B92D9299FA145005C3BD4 /* BookDetailViewModel.swift */,
			);
			path = ObservableObjects;
			sourceTree = "<group>";
		};
		BB424AE6299BC95D0061A5C3 /* Models */ = {
			isa = PBXGroup;
			children = (
				BB424B0D299CF5760061A5C3 /* User.swift */,
				BBC193D5299E42C6006219CD /* ModelPersistence.swift */,
				BB24932529B65A61007E7932 /* ModelDefinition.swift */,
			);
			path = Models;
			sourceTree = "<group>";
		};
		BB424AE8299BDFB40061A5C3 /* Network */ = {
			isa = PBXGroup;
			children = (
				BB424AE9299BE1EA0061A5C3 /* NetworkStatus.swift */,
				BB424B01299CD9A60061A5C3 /* NetworkError.swift */,
				BB424B05299CE1AA0061A5C3 /* NetworkClient.swift */,
				BB4DB78629B8C9D500D6BDD8 /* NetworkInterface.swift */,
			);
			path = Network;
			sourceTree = "<group>";
		};
		BB424AEB299BEF460061A5C3 /* Components */ = {
			isa = PBXGroup;
			children = (
				BBC193D0299E2909006219CD /* OffsetObservingScrollView.swift */,
				BB4BA605299E651A007095C6 /* RatingView.swift */,
				BB1B92DB299FB657005C3BD4 /* LongTextComponentView.swift */,
				BB1B92DD299FB9E1005C3BD4 /* ZoomComponentView.swift */,
				BBB6A22E2993FAB2005C0FF4 /* ScrollViewDDura.swift */,
				BB4BA602299E5D39007095C6 /* Cells */,
				BB3B649C29A3908F005D41CF /* ExpandableComponentView.swift */,
				BB3A7D9629A50CD9009714A3 /* CartButton.swift */,
				BB34152829A61C08007C0A65 /* ApplePayButtonComponentView.swift */,
				BBFEE6EF29D54459001BD6CF /* ShakeAnimation.swift */,
			);
			path = Components;
			sourceTree = "<group>";
		};
		BB424AEE299BF00B0061A5C3 /* Localizations */ = {
			isa = PBXGroup;
			children = (
				BB424AF3299BF0370061A5C3 /* Localizable.strings */,
				BB424AFE299BF1C20061A5C3 /* localizable+extension.swift */,
			);
			path = Localizations;
			sourceTree = "<group>";
		};
		BB4BA602299E5D39007095C6 /* Cells */ = {
			isa = PBXGroup;
			children = (
				BB4BA603299E5D50007095C6 /* BookCell.swift */,
				BB34152629A61601007C0A65 /* CartViewRow.swift */,
				BB1C24A929A77B1900714A4C /* BookCardComponentView.swift */,
			);
			path = Cells;
			sourceTree = "<group>";
		};
		BB4BA609299E7934007095C6 /* Details */ = {
			isa = PBXGroup;
			children = (
				BB4BA607299E78EA007095C6 /* BookDetailView.swift */,
			);
			path = Details;
			sourceTree = "<group>";
		};
		BB63DC2C29C1D356002A6078 /* Tests */ = {
			isa = PBXGroup;
			children = (
				BB63DC3629C1D9A5002A6078 /* Account */,
				BB63DC2D29C1D356002A6078 /* Tests.swift */,
				BB63DC3429C1D378002A6078 /* StorageTest.swift */,
			);
			path = Tests;
			sourceTree = "<group>";
		};
		BB63DC3629C1D9A5002A6078 /* Account */ = {
			isa = PBXGroup;
			children = (
				BB63DC3729C1D9C1002A6078 /* TestStrings.swift */,
			);
			path = Account;
			sourceTree = "<group>";
		};
		BBA359F229BB8235005A2F74 /* Storage */ = {
			isa = PBXGroup;
			children = (
				BBA359F329BB8315005A2F74 /* DataEncryptionManager.swift */,
				BBA359F529BB83B5005A2F74 /* StorageKeys.swift */,
				BBA359F729BB83F7005A2F74 /* KeychainConfiguration.swift */,
			);
			path = Storage;
			sourceTree = "<group>";
		};
		BBB6A2202993FAB2005C0FF4 = {
			isa = PBXGroup;
			children = (
				BB24932729B65BBB007E7932 /* ContentView.swift */,
				BB424AE2299BC6AE0061A5C3 /* Documentation.docc */,
				BBB6A22B2993FAB2005C0FF4 /* Libreria Trantor */,
				BBC567EE29BCA6E600F69152 /* DDura Libreria TrantorUITests */,
				BB63DC2C29C1D356002A6078 /* Tests */,
				BBB6A22A2993FAB2005C0FF4 /* Products */,
			);
			sourceTree = "<group>";
		};
		BBB6A22A2993FAB2005C0FF4 /* Products */ = {
			isa = PBXGroup;
			children = (
				BBB6A2292993FAB2005C0FF4 /* DDura Libreria Trantor.app */,
				BBC193E2299E54E1006219CD /* LibreriaTrantorTests.xctest */,
				BBC567ED29BCA6E600F69152 /* DDura Libreria TrantorUITests.xctest */,
				BB63DC2B29C1D356002A6078 /* Tests.xctest */,
			);
			name = Products;
			sourceTree = "<group>";
		};
		BBB6A22B2993FAB2005C0FF4 /* Libreria Trantor */ = {
			isa = PBXGroup;
			children = (
				BBDD00F929B9EE6E00A41F99 /* Data */,
				BB424AE6299BC95D0061A5C3 /* Models */,
				BB424AE5299BC94A0061A5C3 /* ObservableObjects */,
				BB424AE4299BC93D0061A5C3 /* Scenes */,
				BBB6A23D2993FE65005C0FF4 /* System */,
				BBB6A23C2993FE58005C0FF4 /* Resources */,
				BBB6A2322993FAB3005C0FF4 /* Preview Content */,
			);
			path = "Libreria Trantor";
			sourceTree = "<group>";
		};
		BBB6A2322993FAB3005C0FF4 /* Preview Content */ = {
			isa = PBXGroup;
			children = (
				BBB6A2332993FAB3005C0FF4 /* Preview Assets.xcassets */,
			);
			path = "Preview Content";
			sourceTree = "<group>";
		};
		BBB6A23C2993FE58005C0FF4 /* Resources */ = {
			isa = PBXGroup;
			children = (
				BB34152129A60510007C0A65 /* Debugging */,
				BBC193D2299E4244006219CD /* Data */,
				BB424AEE299BF00B0061A5C3 /* Localizations */,
			);
			path = Resources;
			sourceTree = "<group>";
		};
		BBB6A23D2993FE65005C0FF4 /* System */ = {
			isa = PBXGroup;
			children = (
				BB3B64A129A3C6FA005D41CF /* Extensions */,
				BB3B649E29A3B8FA005D41CF /* Environment */,
				BBB6A2302993FAB3005C0FF4 /* Assets.xcassets */,
				BB424B00299BF3940061A5C3 /* Libreria-Trantor-Info.plist */,
				BBB6A22C2993FAB2005C0FF4 /* Libreria_TrantorApp.swift */,
				BBC193DB299E4CC1006219CD /* AppDelegate.swift */,
				BB34152A29A62745007C0A65 /* ApplePayHandler.swift */,
				BBA359E929BB575B005A2F74 /* Constants.swift */,
			);
			path = System;
			sourceTree = "<group>";
		};
		BBC193D2299E4244006219CD /* Data */ = {
			isa = PBXGroup;
			children = (
				BB1B92D7299F9892005C3BD4 /* LatestBooksData.json */,
				BBC193D3299E425C006219CD /* AuthorsData.json */,
				BBB6A23A2993FE38005C0FF4 /* BooksData.json */,
			);
			path = Data;
			sourceTree = "<group>";
		};
		BBC567EE29BCA6E600F69152 /* DDura Libreria TrantorUITests */ = {
			isa = PBXGroup;
			children = (
				BBC567EF29BCA6E600F69152 /* DDura_Libreria_TrantorUITests.swift */,
				BBC567F129BCA6E600F69152 /* DDura_Libreria_TrantorUITestsLaunchTests.swift */,
			);
			path = "DDura Libreria TrantorUITests";
			sourceTree = "<group>";
		};
		BBD3C75429C9C51A009EFF4E /* Shop */ = {
			isa = PBXGroup;
			children = (
				BBD3C75729C9D298009EFF4E /* Models */,
				BB4BA609299E7934007095C6 /* Details */,
				BB4BA600299E5CC5007095C6 /* ListBooksView.swift */,
				BB4BA60A299E7B1A007095C6 /* ReadBooksListView.swift */,
				BB3A7D9229A4C8F3009714A3 /* AccountView.swift */,
				BB3A7D9829A5149A009714A3 /* CartView.swift */,
			);
			path = Shop;
			sourceTree = "<group>";
		};
		BBD3C75729C9D298009EFF4E /* Models */ = {
			isa = PBXGroup;
			children = (
				BB424B09299CF4A10061A5C3 /* AuthorModel.swift */,
				BB424B07299CF1450061A5C3 /* BookModel.swift */,
				BB424B0F299CFCB60061A5C3 /* OrderModel.swift */,
			);
			path = Models;
			sourceTree = "<group>";
		};
		BBD3C75829C9D36E009EFF4E /* Entities */ = {
			isa = PBXGroup;
			children = (
				BBD3C75929C9D398009EFF4E /* Reponses */,
				BBCDF4E129D47499004636CD /* ReadBooksModel.swift */,
			);
			path = Entities;
			sourceTree = "<group>";
		};
		BBD3C75929C9D398009EFF4E /* Reponses */ = {
			isa = PBXGroup;
			children = (
				BBD3C75A29C9D3F3009EFF4E /* EmptyAPIResponse.swift */,
				BBD75AD429D304C00013A548 /* ClientReportResponse.swift */,
			);
			path = Reponses;
			sourceTree = "<group>";
		};
		BBD3C75C29C9D510009EFF4E /* Request */ = {
			isa = PBXGroup;
			children = (
				BBA359EF29BB6B71005A2F74 /* AuthenticationRequest.swift */,
				BBD3C75D29C9D8A9009EFF4E /* ShopRequest.swift */,
				BBD75AD229D2FD520013A548 /* ClientRequest.swift */,
			);
			path = Request;
			sourceTree = "<group>";
		};
		BBDD00F929B9EE6E00A41F99 /* Data */ = {
			isa = PBXGroup;
			children = (
				BBA359F229BB8235005A2F74 /* Storage */,
				BBDD00FA29B9EE7600A41F99 /* API */,
			);
			path = Data;
			sourceTree = "<group>";
		};
		BBDD00FA29B9EE7600A41F99 /* API */ = {
			isa = PBXGroup;
			children = (
				BBD3C75C29C9D510009EFF4E /* Request */,
				BBD3C75829C9D36E009EFF4E /* Entities */,
				BB424AE8299BDFB40061A5C3 /* Network */,
				BBDD00FC29B9FDC900A41F99 /* APIRequest.swift */,
			);
			path = API;
			sourceTree = "<group>";
		};
/* End PBXGroup section */

/* Begin PBXNativeTarget section */
		BB63DC2A29C1D356002A6078 /* Tests */ = {
			isa = PBXNativeTarget;
			buildConfigurationList = BB63DC3129C1D356002A6078 /* Build configuration list for PBXNativeTarget "Tests" */;
			buildPhases = (
				BB63DC2729C1D356002A6078 /* Sources */,
				BB63DC2829C1D356002A6078 /* Frameworks */,
				BB63DC2929C1D356002A6078 /* Resources */,
			);
			buildRules = (
			);
			dependencies = (
				BB63DC3029C1D356002A6078 /* PBXTargetDependency */,
			);
			name = Tests;
			productName = Tests;
			productReference = BB63DC2B29C1D356002A6078 /* Tests.xctest */;
			productType = "com.apple.product-type.bundle.unit-test";
		};
		BBB6A2282993FAB2005C0FF4 /* DDura Libreria Trantor */ = {
			isa = PBXNativeTarget;
			buildConfigurationList = BBB6A2372993FAB3005C0FF4 /* Build configuration list for PBXNativeTarget "DDura Libreria Trantor" */;
			buildPhases = (
				BBB6A2252993FAB2005C0FF4 /* Sources */,
				BBB6A2262993FAB2005C0FF4 /* Frameworks */,
				BBB6A2272993FAB2005C0FF4 /* Resources */,
			);
			buildRules = (
			);
			dependencies = (
			);
			name = "DDura Libreria Trantor";
			productName = "Libreria Trantor";
			productReference = BBB6A2292993FAB2005C0FF4 /* DDura Libreria Trantor.app */;
			productType = "com.apple.product-type.application";
		};
		BBC193E1299E54E1006219CD /* LibreriaTrantorTests */ = {
			isa = PBXNativeTarget;
			buildConfigurationList = BBC193E8299E54E1006219CD /* Build configuration list for PBXNativeTarget "LibreriaTrantorTests" */;
			buildPhases = (
				BBC193DE299E54E1006219CD /* Sources */,
				BBC193DF299E54E1006219CD /* Frameworks */,
				BBC193E0299E54E1006219CD /* Resources */,
			);
			buildRules = (
			);
			dependencies = (
				BBC193E7299E54E1006219CD /* PBXTargetDependency */,
			);
			name = LibreriaTrantorTests;
			productName = LibreriaTrantorTests;
			productReference = BBC193E2299E54E1006219CD /* LibreriaTrantorTests.xctest */;
			productType = "com.apple.product-type.bundle.unit-test";
		};
		BBC567EC29BCA6E600F69152 /* DDura Libreria TrantorUITests */ = {
			isa = PBXNativeTarget;
			buildConfigurationList = BBC567F729BCA6E600F69152 /* Build configuration list for PBXNativeTarget "DDura Libreria TrantorUITests" */;
			buildPhases = (
				BBC567E929BCA6E600F69152 /* Sources */,
				BBC567EA29BCA6E600F69152 /* Frameworks */,
				BBC567EB29BCA6E600F69152 /* Resources */,
			);
			buildRules = (
			);
			dependencies = (
				BBC567F429BCA6E600F69152 /* PBXTargetDependency */,
			);
			name = "DDura Libreria TrantorUITests";
			productName = "DDura Libreria TrantorUITests";
			productReference = BBC567ED29BCA6E600F69152 /* DDura Libreria TrantorUITests.xctest */;
			productType = "com.apple.product-type.bundle.ui-testing";
		};
/* End PBXNativeTarget section */

/* Begin PBXProject section */
		BBB6A2212993FAB2005C0FF4 /* Project object */ = {
			isa = PBXProject;
			attributes = {
				BuildIndependentTargetsInParallel = 1;
				LastSwiftUpdateCheck = 1420;
				LastUpgradeCheck = 1420;
				TargetAttributes = {
					BB63DC2A29C1D356002A6078 = {
						CreatedOnToolsVersion = 14.2;
						TestTargetID = BBB6A2282993FAB2005C0FF4;
					};
					BBB6A2282993FAB2005C0FF4 = {
						CreatedOnToolsVersion = 14.2;
					};
					BBC193E1299E54E1006219CD = {
						CreatedOnToolsVersion = 14.2;
						TestTargetID = BBB6A2282993FAB2005C0FF4;
					};
					BBC567EC29BCA6E600F69152 = {
						CreatedOnToolsVersion = 14.2;
						TestTargetID = BBB6A2282993FAB2005C0FF4;
					};
				};
			};
			buildConfigurationList = BBB6A2242993FAB2005C0FF4 /* Build configuration list for PBXProject "DDura Libreria Trantor" */;
			compatibilityVersion = "Xcode 14.0";
			developmentRegion = en;
			hasScannedForEncodings = 0;
			knownRegions = (
				en,
				Base,
				es,
				ca,
			);
			mainGroup = BBB6A2202993FAB2005C0FF4;
			productRefGroup = BBB6A22A2993FAB2005C0FF4 /* Products */;
			projectDirPath = "";
			projectRoot = "";
			targets = (
				BBB6A2282993FAB2005C0FF4 /* DDura Libreria Trantor */,
				BBC193E1299E54E1006219CD /* LibreriaTrantorTests */,
				BBC567EC29BCA6E600F69152 /* DDura Libreria TrantorUITests */,
				BB63DC2A29C1D356002A6078 /* Tests */,
			);
		};
/* End PBXProject section */

/* Begin PBXResourcesBuildPhase section */
		BB63DC2929C1D356002A6078 /* Resources */ = {
			isa = PBXResourcesBuildPhase;
			buildActionMask = 2147483647;
			files = (
			);
			runOnlyForDeploymentPostprocessing = 0;
		};
		BBB6A2272993FAB2005C0FF4 /* Resources */ = {
			isa = PBXResourcesBuildPhase;
			buildActionMask = 2147483647;
			files = (
				BBB6A2342993FAB3005C0FF4 /* Preview Assets.xcassets in Resources */,
				BBC193D4299E425C006219CD /* AuthorsData.json in Resources */,
				BB424AF1299BF0370061A5C3 /* Localizable.strings in Resources */,
				BBB6A2312993FAB3005C0FF4 /* Assets.xcassets in Resources */,
				BBB6A23B2993FE38005C0FF4 /* BooksData.json in Resources */,
				BB1B92D8299F9892005C3BD4 /* LatestBooksData.json in Resources */,
			);
			runOnlyForDeploymentPostprocessing = 0;
		};
		BBC193E0299E54E1006219CD /* Resources */ = {
			isa = PBXResourcesBuildPhase;
			buildActionMask = 2147483647;
			files = (
			);
			runOnlyForDeploymentPostprocessing = 0;
		};
		BBC567EB29BCA6E600F69152 /* Resources */ = {
			isa = PBXResourcesBuildPhase;
			buildActionMask = 2147483647;
			files = (
			);
			runOnlyForDeploymentPostprocessing = 0;
		};
/* End PBXResourcesBuildPhase section */

/* Begin PBXSourcesBuildPhase section */
		BB63DC2729C1D356002A6078 /* Sources */ = {
			isa = PBXSourcesBuildPhase;
			buildActionMask = 2147483647;
			files = (
				BB63DC2E29C1D356002A6078 /* Tests.swift in Sources */,
				BB63DC3529C1D378002A6078 /* StorageTest.swift in Sources */,
				BB63DC3829C1D9C1002A6078 /* TestStrings.swift in Sources */,
			);
			runOnlyForDeploymentPostprocessing = 0;
		};
		BBB6A2252993FAB2005C0FF4 /* Sources */ = {
			isa = PBXSourcesBuildPhase;
			buildActionMask = 2147483647;
			files = (
				BB34152729A61601007C0A65 /* CartViewRow.swift in Sources */,
				BB3A7D9729A50CD9009714A3 /* CartButton.swift in Sources */,
				BB34152929A61C08007C0A65 /* ApplePayButtonComponentView.swift in Sources */,
				BBD3C76029C9FF21009EFF4E /* Encodable+Extension.swift in Sources */,
				BB424B0E299CF5760061A5C3 /* User.swift in Sources */,
				BBA359F829BB83F7005A2F74 /* KeychainConfiguration.swift in Sources */,
				BB424AEA299BE1EA0061A5C3 /* NetworkStatus.swift in Sources */,
				BBA359F429BB8315005A2F74 /* DataEncryptionManager.swift in Sources */,
				BB0A943C29C8993F0066EFD4 /* BooksStoreObsevableObject.swift in Sources */,
				BB424B02299CD9A60061A5C3 /* NetworkError.swift in Sources */,
				BB3A7D9329A4C8F3009714A3 /* AccountView.swift in Sources */,
				BBA359F629BB83B5005A2F74 /* StorageKeys.swift in Sources */,
				BB4BA60B299E7B1A007095C6 /* ReadBooksListView.swift in Sources */,
				BB4BA606299E651A007095C6 /* RatingView.swift in Sources */,
				BB34152B29A62745007C0A65 /* ApplePayHandler.swift in Sources */,
				BBB6A22F2993FAB2005C0FF4 /* ScrollViewDDura.swift in Sources */,
				BB424B10299CFCB60061A5C3 /* OrderModel.swift in Sources */,
				BBC193D6299E42C6006219CD /* ModelPersistence.swift in Sources */,
				BB3B64A329A3C70B005D41CF /* String+Extension.swift in Sources */,
				BBFEE6F029D54459001BD6CF /* ShakeAnimation.swift in Sources */,
				BB4BA604299E5D50007095C6 /* BookCell.swift in Sources */,
				BB1B92DC299FB657005C3BD4 /* LongTextComponentView.swift in Sources */,
				BBCDF4E229D47499004636CD /* ReadBooksModel.swift in Sources */,
				BB24932629B65A61007E7932 /* ModelDefinition.swift in Sources */,
				BB1C24B529A79E5700714A4C /* AccountRecoveryView.swift in Sources */,
				BB424B08299CF1450061A5C3 /* BookModel.swift in Sources */,
				BB3A7D9929A5149A009714A3 /* CartView.swift in Sources */,
				BB3A7D9529A4E16C009714A3 /* AccountObservableObject.swift in Sources */,
				BBC193D1299E2909006219CD /* OffsetObservingScrollView.swift in Sources */,
				BB424AFF299BF1C20061A5C3 /* localizable+extension.swift in Sources */,
				BBC193DA299E4948006219CD /* BaseObservableObject.swift in Sources */,
				BB1B92DA299FA145005C3BD4 /* BookDetailViewModel.swift in Sources */,
				BB424AE3299BC6AE0061A5C3 /* Documentation.docc in Sources */,
				BB1B92DE299FB9E2005C3BD4 /* ZoomComponentView.swift in Sources */,
				BB24932829B65BBB007E7932 /* ContentView.swift in Sources */,
				BB1C24AA29A77B1900714A4C /* BookCardComponentView.swift in Sources */,
				BBA359EA29BB575B005A2F74 /* Constants.swift in Sources */,
				BB34152329A60552007C0A65 /* InfiniteLoopBugExampleView.swift in Sources */,
				BB4BA608299E78EA007095C6 /* BookDetailView.swift in Sources */,
				BB3B649D29A3908F005D41CF /* ExpandableComponentView.swift in Sources */,
				BB424B0A299CF4A10061A5C3 /* AuthorModel.swift in Sources */,
				BB3B64A029A3B916005D41CF /* EnvironmentFormatter.swift in Sources */,
				BB424AED299BEF9F0061A5C3 /* AppOfflineView.swift in Sources */,
				BBB6A22D2993FAB2005C0FF4 /* Libreria_TrantorApp.swift in Sources */,
				BB424B12299D09680061A5C3 /* AppTabView.swift in Sources */,
				BBD75AD529D304C00013A548 /* ClientReportResponse.swift in Sources */,
				BB4BA601299E5CC5007095C6 /* ListBooksView.swift in Sources */,
				BB34152529A606ED007C0A65 /* Color+Extension.swift in Sources */,
				BBA359F029BB6B71005A2F74 /* AuthenticationRequest.swift in Sources */,
				BB1C24B129A79E1C00714A4C /* LoginView.swift in Sources */,
				BBD3C75B29C9D3F3009EFF4E /* EmptyAPIResponse.swift in Sources */,
				BB4DB78729B8C9D500D6BDD8 /* NetworkInterface.swift in Sources */,
				BBC193DC299E4CC1006219CD /* AppDelegate.swift in Sources */,
				BB424B06299CE1AA0061A5C3 /* NetworkClient.swift in Sources */,
				BBDD00FD29B9FDC900A41F99 /* APIRequest.swift in Sources */,
				BB1C24B329A79E3300714A4C /* RegistrationView.swift in Sources */,
				BBD75AD329D2FD520013A548 /* ClientRequest.swift in Sources */,
				BBD3C75E29C9D8A9009EFF4E /* ShopRequest.swift in Sources */,
			);
			runOnlyForDeploymentPostprocessing = 0;
		};
		BBC193DE299E54E1006219CD /* Sources */ = {
			isa = PBXSourcesBuildPhase;
			buildActionMask = 2147483647;
			files = (
			);
			runOnlyForDeploymentPostprocessing = 0;
		};
		BBC567E929BCA6E600F69152 /* Sources */ = {
			isa = PBXSourcesBuildPhase;
			buildActionMask = 2147483647;
			files = (
				BBC567F229BCA6E600F69152 /* DDura_Libreria_TrantorUITestsLaunchTests.swift in Sources */,
				BBC567F029BCA6E600F69152 /* DDura_Libreria_TrantorUITests.swift in Sources */,
			);
			runOnlyForDeploymentPostprocessing = 0;
		};
/* End PBXSourcesBuildPhase section */

/* Begin PBXTargetDependency section */
		BB63DC3029C1D356002A6078 /* PBXTargetDependency */ = {
			isa = PBXTargetDependency;
			target = BBB6A2282993FAB2005C0FF4 /* DDura Libreria Trantor */;
			targetProxy = BB63DC2F29C1D356002A6078 /* PBXContainerItemProxy */;
		};
		BBC193E7299E54E1006219CD /* PBXTargetDependency */ = {
			isa = PBXTargetDependency;
			target = BBB6A2282993FAB2005C0FF4 /* DDura Libreria Trantor */;
			targetProxy = BBC193E6299E54E1006219CD /* PBXContainerItemProxy */;
		};
		BBC567F429BCA6E600F69152 /* PBXTargetDependency */ = {
			isa = PBXTargetDependency;
			target = BBB6A2282993FAB2005C0FF4 /* DDura Libreria Trantor */;
			targetProxy = BBC567F329BCA6E600F69152 /* PBXContainerItemProxy */;
		};
/* End PBXTargetDependency section */

/* Begin PBXVariantGroup section */
		BB424AF3299BF0370061A5C3 /* Localizable.strings */ = {
			isa = PBXVariantGroup;
			children = (
				BB424AF2299BF0370061A5C3 /* en */,
				BB424AF9299BF0970061A5C3 /* es */,
				BB424AFD299BF1180061A5C3 /* ca */,
			);
			name = Localizable.strings;
			sourceTree = "<group>";
		};
/* End PBXVariantGroup section */

/* Begin XCBuildConfiguration section */
		BB63DC3229C1D356002A6078 /* Debug */ = {
			isa = XCBuildConfiguration;
			buildSettings = {
				BUNDLE_LOADER = "$(TEST_HOST)";
				CODE_SIGN_STYLE = Automatic;
				CURRENT_PROJECT_VERSION = 1;
				DEVELOPMENT_TEAM = BV32R4D4MU;
				GENERATE_INFOPLIST_FILE = YES;
				MARKETING_VERSION = 1.0;
				PRODUCT_BUNDLE_IDENTIFIER = ddura.Tests;
				PRODUCT_NAME = "$(TARGET_NAME)";
				SWIFT_EMIT_LOC_STRINGS = NO;
				SWIFT_VERSION = 5.0;
				TARGETED_DEVICE_FAMILY = "1,2";
				TEST_HOST = "$(BUILT_PRODUCTS_DIR)/DDura Libreria Trantor.app/$(BUNDLE_EXECUTABLE_FOLDER_PATH)/DDura Libreria Trantor";
			};
			name = Debug;
		};
		BB63DC3329C1D356002A6078 /* Release */ = {
			isa = XCBuildConfiguration;
			buildSettings = {
				BUNDLE_LOADER = "$(TEST_HOST)";
				CODE_SIGN_STYLE = Automatic;
				CURRENT_PROJECT_VERSION = 1;
				DEVELOPMENT_TEAM = BV32R4D4MU;
				GENERATE_INFOPLIST_FILE = YES;
				MARKETING_VERSION = 1.0;
				PRODUCT_BUNDLE_IDENTIFIER = ddura.Tests;
				PRODUCT_NAME = "$(TARGET_NAME)";
				SWIFT_EMIT_LOC_STRINGS = NO;
				SWIFT_VERSION = 5.0;
				TARGETED_DEVICE_FAMILY = "1,2";
				TEST_HOST = "$(BUILT_PRODUCTS_DIR)/DDura Libreria Trantor.app/$(BUNDLE_EXECUTABLE_FOLDER_PATH)/DDura Libreria Trantor";
			};
			name = Release;
		};
		BBB6A2352993FAB3005C0FF4 /* Debug */ = {
			isa = XCBuildConfiguration;
			buildSettings = {
				ALWAYS_SEARCH_USER_PATHS = NO;
				CLANG_ANALYZER_LOCALIZABILITY_NONLOCALIZED = YES;
				CLANG_ANALYZER_NONNULL = YES;
				CLANG_ANALYZER_NUMBER_OBJECT_CONVERSION = YES_AGGRESSIVE;
				CLANG_CXX_LANGUAGE_STANDARD = "gnu++20";
				CLANG_ENABLE_MODULES = YES;
				CLANG_ENABLE_OBJC_ARC = YES;
				CLANG_ENABLE_OBJC_WEAK = YES;
				CLANG_WARN_BLOCK_CAPTURE_AUTORELEASING = YES;
				CLANG_WARN_BOOL_CONVERSION = YES;
				CLANG_WARN_COMMA = YES;
				CLANG_WARN_CONSTANT_CONVERSION = YES;
				CLANG_WARN_DEPRECATED_OBJC_IMPLEMENTATIONS = YES;
				CLANG_WARN_DIRECT_OBJC_ISA_USAGE = YES_ERROR;
				CLANG_WARN_DOCUMENTATION_COMMENTS = YES;
				CLANG_WARN_EMPTY_BODY = YES;
				CLANG_WARN_ENUM_CONVERSION = YES;
				CLANG_WARN_INFINITE_RECURSION = YES;
				CLANG_WARN_INT_CONVERSION = YES;
				CLANG_WARN_NON_LITERAL_NULL_CONVERSION = YES;
				CLANG_WARN_OBJC_IMPLICIT_RETAIN_SELF = YES;
				CLANG_WARN_OBJC_LITERAL_CONVERSION = YES;
				CLANG_WARN_OBJC_ROOT_CLASS = YES_ERROR;
				CLANG_WARN_QUOTED_INCLUDE_IN_FRAMEWORK_HEADER = YES;
				CLANG_WARN_RANGE_LOOP_ANALYSIS = YES;
				CLANG_WARN_STRICT_PROTOTYPES = YES;
				CLANG_WARN_SUSPICIOUS_MOVE = YES;
				CLANG_WARN_UNGUARDED_AVAILABILITY = YES_AGGRESSIVE;
				CLANG_WARN_UNREACHABLE_CODE = YES;
				CLANG_WARN__DUPLICATE_METHOD_MATCH = YES;
				COPY_PHASE_STRIP = NO;
				DEBUG_INFORMATION_FORMAT = dwarf;
				ENABLE_STRICT_OBJC_MSGSEND = YES;
				ENABLE_TESTABILITY = YES;
				GCC_C_LANGUAGE_STANDARD = gnu11;
				GCC_DYNAMIC_NO_PIC = NO;
				GCC_NO_COMMON_BLOCKS = YES;
				GCC_OPTIMIZATION_LEVEL = 0;
				GCC_PREPROCESSOR_DEFINITIONS = (
					"DEBUG=1",
					"$(inherited)",
				);
				GCC_WARN_64_TO_32_BIT_CONVERSION = YES;
				GCC_WARN_ABOUT_RETURN_TYPE = YES_ERROR;
				GCC_WARN_UNDECLARED_SELECTOR = YES;
				GCC_WARN_UNINITIALIZED_AUTOS = YES_AGGRESSIVE;
				GCC_WARN_UNUSED_FUNCTION = YES;
				GCC_WARN_UNUSED_VARIABLE = YES;
				INFOPLIST_FILE = "";
				IPHONEOS_DEPLOYMENT_TARGET = 16.2;
				MTL_ENABLE_DEBUG_INFO = INCLUDE_SOURCE;
				MTL_FAST_MATH = YES;
				ONLY_ACTIVE_ARCH = YES;
				SDKROOT = iphoneos;
				SWIFT_ACTIVE_COMPILATION_CONDITIONS = DEBUG;
				SWIFT_OPTIMIZATION_LEVEL = "-Onone";
			};
			name = Debug;
		};
		BBB6A2362993FAB3005C0FF4 /* Release */ = {
			isa = XCBuildConfiguration;
			buildSettings = {
				ALWAYS_SEARCH_USER_PATHS = NO;
				CLANG_ANALYZER_LOCALIZABILITY_NONLOCALIZED = YES;
				CLANG_ANALYZER_NONNULL = YES;
				CLANG_ANALYZER_NUMBER_OBJECT_CONVERSION = YES_AGGRESSIVE;
				CLANG_CXX_LANGUAGE_STANDARD = "gnu++20";
				CLANG_ENABLE_MODULES = YES;
				CLANG_ENABLE_OBJC_ARC = YES;
				CLANG_ENABLE_OBJC_WEAK = YES;
				CLANG_WARN_BLOCK_CAPTURE_AUTORELEASING = YES;
				CLANG_WARN_BOOL_CONVERSION = YES;
				CLANG_WARN_COMMA = YES;
				CLANG_WARN_CONSTANT_CONVERSION = YES;
				CLANG_WARN_DEPRECATED_OBJC_IMPLEMENTATIONS = YES;
				CLANG_WARN_DIRECT_OBJC_ISA_USAGE = YES_ERROR;
				CLANG_WARN_DOCUMENTATION_COMMENTS = YES;
				CLANG_WARN_EMPTY_BODY = YES;
				CLANG_WARN_ENUM_CONVERSION = YES;
				CLANG_WARN_INFINITE_RECURSION = YES;
				CLANG_WARN_INT_CONVERSION = YES;
				CLANG_WARN_NON_LITERAL_NULL_CONVERSION = YES;
				CLANG_WARN_OBJC_IMPLICIT_RETAIN_SELF = YES;
				CLANG_WARN_OBJC_LITERAL_CONVERSION = YES;
				CLANG_WARN_OBJC_ROOT_CLASS = YES_ERROR;
				CLANG_WARN_QUOTED_INCLUDE_IN_FRAMEWORK_HEADER = YES;
				CLANG_WARN_RANGE_LOOP_ANALYSIS = YES;
				CLANG_WARN_STRICT_PROTOTYPES = YES;
				CLANG_WARN_SUSPICIOUS_MOVE = YES;
				CLANG_WARN_UNGUARDED_AVAILABILITY = YES_AGGRESSIVE;
				CLANG_WARN_UNREACHABLE_CODE = YES;
				CLANG_WARN__DUPLICATE_METHOD_MATCH = YES;
				COPY_PHASE_STRIP = NO;
				DEBUG_INFORMATION_FORMAT = "dwarf-with-dsym";
				ENABLE_NS_ASSERTIONS = NO;
				ENABLE_STRICT_OBJC_MSGSEND = YES;
				GCC_C_LANGUAGE_STANDARD = gnu11;
				GCC_NO_COMMON_BLOCKS = YES;
				GCC_WARN_64_TO_32_BIT_CONVERSION = YES;
				GCC_WARN_ABOUT_RETURN_TYPE = YES_ERROR;
				GCC_WARN_UNDECLARED_SELECTOR = YES;
				GCC_WARN_UNINITIALIZED_AUTOS = YES_AGGRESSIVE;
				GCC_WARN_UNUSED_FUNCTION = YES;
				GCC_WARN_UNUSED_VARIABLE = YES;
				INFOPLIST_FILE = "";
				IPHONEOS_DEPLOYMENT_TARGET = 16.2;
				MTL_ENABLE_DEBUG_INFO = NO;
				MTL_FAST_MATH = YES;
				SDKROOT = iphoneos;
				SWIFT_COMPILATION_MODE = wholemodule;
				SWIFT_OPTIMIZATION_LEVEL = "-O";
				VALIDATE_PRODUCT = YES;
			};
			name = Release;
		};
		BBB6A2382993FAB3005C0FF4 /* Debug */ = {
			isa = XCBuildConfiguration;
			buildSettings = {
				ASSETCATALOG_COMPILER_APPICON_NAME = AppIcon;
				ASSETCATALOG_COMPILER_GLOBAL_ACCENT_COLOR_NAME = AccentColor;
				CODE_SIGN_STYLE = Automatic;
				CURRENT_PROJECT_VERSION = 1;
				DEVELOPMENT_ASSET_PATHS = "\"Libreria Trantor/Preview Content\"";
				DEVELOPMENT_TEAM = BV32R4D4MU;
				ENABLE_PREVIEWS = YES;
				GENERATE_INFOPLIST_FILE = YES;
				INFOPLIST_FILE = "Libreria Trantor/System/Libreria-Trantor-Info.plist";
				INFOPLIST_KEY_UIApplicationSupportsIndirectInputEvents = YES;
				INFOPLIST_KEY_UILaunchScreen_Generation = YES;
				INFOPLIST_KEY_UISupportedInterfaceOrientations_iPad = "UIInterfaceOrientationPortrait UIInterfaceOrientationPortraitUpsideDown UIInterfaceOrientationLandscapeLeft UIInterfaceOrientationLandscapeRight";
				INFOPLIST_KEY_UISupportedInterfaceOrientations_iPhone = "UIInterfaceOrientationPortrait UIInterfaceOrientationLandscapeLeft UIInterfaceOrientationLandscapeRight";
				IPHONEOS_DEPLOYMENT_TARGET = 16.0;
				LD_RUNPATH_SEARCH_PATHS = (
					"$(inherited)",
					"@executable_path/Frameworks",
				);
				MARKETING_VERSION = 1.0;
				PRODUCT_BUNDLE_IDENTIFIER = "ddura.Libreria-Trantor";
				PRODUCT_NAME = "$(TARGET_NAME)";
				SWIFT_EMIT_LOC_STRINGS = YES;
				SWIFT_VERSION = 5.0;
				TARGETED_DEVICE_FAMILY = "1,2";
			};
			name = Debug;
		};
		BBB6A2392993FAB3005C0FF4 /* Release */ = {
			isa = XCBuildConfiguration;
			buildSettings = {
				ASSETCATALOG_COMPILER_APPICON_NAME = AppIcon;
				ASSETCATALOG_COMPILER_GLOBAL_ACCENT_COLOR_NAME = AccentColor;
				CODE_SIGN_STYLE = Automatic;
				CURRENT_PROJECT_VERSION = 1;
				DEVELOPMENT_ASSET_PATHS = "\"Libreria Trantor/Preview Content\"";
				DEVELOPMENT_TEAM = BV32R4D4MU;
				ENABLE_PREVIEWS = YES;
				GENERATE_INFOPLIST_FILE = YES;
				INFOPLIST_FILE = "Libreria Trantor/System/Libreria-Trantor-Info.plist";
				INFOPLIST_KEY_UIApplicationSupportsIndirectInputEvents = YES;
				INFOPLIST_KEY_UILaunchScreen_Generation = YES;
				INFOPLIST_KEY_UISupportedInterfaceOrientations_iPad = "UIInterfaceOrientationPortrait UIInterfaceOrientationPortraitUpsideDown UIInterfaceOrientationLandscapeLeft UIInterfaceOrientationLandscapeRight";
				INFOPLIST_KEY_UISupportedInterfaceOrientations_iPhone = "UIInterfaceOrientationPortrait UIInterfaceOrientationLandscapeLeft UIInterfaceOrientationLandscapeRight";
				IPHONEOS_DEPLOYMENT_TARGET = 16.0;
				LD_RUNPATH_SEARCH_PATHS = (
					"$(inherited)",
					"@executable_path/Frameworks",
				);
				MARKETING_VERSION = 1.0;
				PRODUCT_BUNDLE_IDENTIFIER = "ddura.Libreria-Trantor";
				PRODUCT_NAME = "$(TARGET_NAME)";
				SWIFT_EMIT_LOC_STRINGS = YES;
				SWIFT_VERSION = 5.0;
				TARGETED_DEVICE_FAMILY = "1,2";
			};
			name = Release;
		};
		BBC193E9299E54E1006219CD /* Debug */ = {
			isa = XCBuildConfiguration;
			buildSettings = {
				BUNDLE_LOADER = "$(TEST_HOST)";
				CODE_SIGN_STYLE = Automatic;
				CURRENT_PROJECT_VERSION = 1;
				DEVELOPMENT_TEAM = BV32R4D4MU;
				GENERATE_INFOPLIST_FILE = YES;
				IPHONEOS_DEPLOYMENT_TARGET = 16.0;
				MARKETING_VERSION = 1.0;
				PRODUCT_BUNDLE_IDENTIFIER = ddura.LibreriaTrantorTests;
				PRODUCT_NAME = "$(TARGET_NAME)";
				SWIFT_EMIT_LOC_STRINGS = NO;
				SWIFT_VERSION = 5.0;
				TARGETED_DEVICE_FAMILY = "1,2";
				TEST_HOST = "$(BUILT_PRODUCTS_DIR)/DDura Libreria Trantor.app/$(BUNDLE_EXECUTABLE_FOLDER_PATH)/DDura Libreria Trantor";
			};
			name = Debug;
		};
		BBC193EA299E54E1006219CD /* Release */ = {
			isa = XCBuildConfiguration;
			buildSettings = {
				BUNDLE_LOADER = "$(TEST_HOST)";
				CODE_SIGN_STYLE = Automatic;
				CURRENT_PROJECT_VERSION = 1;
				DEVELOPMENT_TEAM = BV32R4D4MU;
				GENERATE_INFOPLIST_FILE = YES;
				IPHONEOS_DEPLOYMENT_TARGET = 16.0;
				MARKETING_VERSION = 1.0;
				PRODUCT_BUNDLE_IDENTIFIER = ddura.LibreriaTrantorTests;
				PRODUCT_NAME = "$(TARGET_NAME)";
				SWIFT_EMIT_LOC_STRINGS = NO;
				SWIFT_VERSION = 5.0;
				TARGETED_DEVICE_FAMILY = "1,2";
				TEST_HOST = "$(BUILT_PRODUCTS_DIR)/DDura Libreria Trantor.app/$(BUNDLE_EXECUTABLE_FOLDER_PATH)/DDura Libreria Trantor";
			};
			name = Release;
		};
		BBC567F529BCA6E600F69152 /* Debug */ = {
			isa = XCBuildConfiguration;
			buildSettings = {
				CODE_SIGN_STYLE = Automatic;
				CURRENT_PROJECT_VERSION = 1;
				DEVELOPMENT_TEAM = BV32R4D4MU;
				GENERATE_INFOPLIST_FILE = YES;
				IPHONEOS_DEPLOYMENT_TARGET = 16.0;
				MARKETING_VERSION = 1.0;
				PRODUCT_BUNDLE_IDENTIFIER = "ddura.DDura-Libreria-TrantorUITests";
				PRODUCT_NAME = "$(TARGET_NAME)";
				SWIFT_EMIT_LOC_STRINGS = NO;
				SWIFT_VERSION = 5.0;
				TARGETED_DEVICE_FAMILY = "1,2";
				TEST_TARGET_NAME = "DDura Libreria Trantor";
			};
			name = Debug;
		};
		BBC567F629BCA6E600F69152 /* Release */ = {
			isa = XCBuildConfiguration;
			buildSettings = {
				CODE_SIGN_STYLE = Automatic;
				CURRENT_PROJECT_VERSION = 1;
				DEVELOPMENT_TEAM = BV32R4D4MU;
				GENERATE_INFOPLIST_FILE = YES;
				IPHONEOS_DEPLOYMENT_TARGET = 16.0;
				MARKETING_VERSION = 1.0;
				PRODUCT_BUNDLE_IDENTIFIER = "ddura.DDura-Libreria-TrantorUITests";
				PRODUCT_NAME = "$(TARGET_NAME)";
				SWIFT_EMIT_LOC_STRINGS = NO;
				SWIFT_VERSION = 5.0;
				TARGETED_DEVICE_FAMILY = "1,2";
				TEST_TARGET_NAME = "DDura Libreria Trantor";
			};
			name = Release;
		};
/* End XCBuildConfiguration section */

/* Begin XCConfigurationList section */
		BB63DC3129C1D356002A6078 /* Build configuration list for PBXNativeTarget "Tests" */ = {
			isa = XCConfigurationList;
			buildConfigurations = (
				BB63DC3229C1D356002A6078 /* Debug */,
				BB63DC3329C1D356002A6078 /* Release */,
			);
			defaultConfigurationIsVisible = 0;
			defaultConfigurationName = Release;
		};
		BBB6A2242993FAB2005C0FF4 /* Build configuration list for PBXProject "DDura Libreria Trantor" */ = {
			isa = XCConfigurationList;
			buildConfigurations = (
				BBB6A2352993FAB3005C0FF4 /* Debug */,
				BBB6A2362993FAB3005C0FF4 /* Release */,
			);
			defaultConfigurationIsVisible = 0;
			defaultConfigurationName = Release;
		};
		BBB6A2372993FAB3005C0FF4 /* Build configuration list for PBXNativeTarget "DDura Libreria Trantor" */ = {
			isa = XCConfigurationList;
			buildConfigurations = (
				BBB6A2382993FAB3005C0FF4 /* Debug */,
				BBB6A2392993FAB3005C0FF4 /* Release */,
			);
			defaultConfigurationIsVisible = 0;
			defaultConfigurationName = Release;
		};
		BBC193E8299E54E1006219CD /* Build configuration list for PBXNativeTarget "LibreriaTrantorTests" */ = {
			isa = XCConfigurationList;
			buildConfigurations = (
				BBC193E9299E54E1006219CD /* Debug */,
				BBC193EA299E54E1006219CD /* Release */,
			);
			defaultConfigurationIsVisible = 0;
			defaultConfigurationName = Release;
		};
		BBC567F729BCA6E600F69152 /* Build configuration list for PBXNativeTarget "DDura Libreria TrantorUITests" */ = {
			isa = XCConfigurationList;
			buildConfigurations = (
				BBC567F529BCA6E600F69152 /* Debug */,
				BBC567F629BCA6E600F69152 /* Release */,
			);
			defaultConfigurationIsVisible = 0;
			defaultConfigurationName = Release;
		};
/* End XCConfigurationList section */
	};
	rootObject = BBB6A2212993FAB2005C0FF4 /* Project object */;
}
