// !$*UTF8*$!
{
	archiveVersion = 1;
	classes = {
	};
	objectVersion = 56;
	objects = {

/* Begin PBXBuildFile section */
		BB424AE3299BC6AE0061A5C3 /* Documentation.docc in Sources */ = {isa = PBXBuildFile; fileRef = BB424AE2299BC6AE0061A5C3 /* Documentation.docc */; };
		BB424AEA299BE1EA0061A5C3 /* NetworkStatus.swift in Sources */ = {isa = PBXBuildFile; fileRef = BB424AE9299BE1EA0061A5C3 /* NetworkStatus.swift */; };
		BB424AED299BEF9F0061A5C3 /* AppOfflineView.swift in Sources */ = {isa = PBXBuildFile; fileRef = BB424AEC299BEF9F0061A5C3 /* AppOfflineView.swift */; };
		BB424AF1299BF0370061A5C3 /* Localizable.strings in Resources */ = {isa = PBXBuildFile; fileRef = BB424AF3299BF0370061A5C3 /* Localizable.strings */; };
		BB424AFF299BF1C20061A5C3 /* localizable+extension.swift in Sources */ = {isa = PBXBuildFile; fileRef = BB424AFE299BF1C20061A5C3 /* localizable+extension.swift */; };
		BB424B02299CD9A60061A5C3 /* NetworkError.swift in Sources */ = {isa = PBXBuildFile; fileRef = BB424B01299CD9A60061A5C3 /* NetworkError.swift */; };
		BB424B06299CE1AA0061A5C3 /* NetworkClient.swift in Sources */ = {isa = PBXBuildFile; fileRef = BB424B05299CE1AA0061A5C3 /* NetworkClient.swift */; };
		BB424B08299CF1450061A5C3 /* BookModel.swift in Sources */ = {isa = PBXBuildFile; fileRef = BB424B07299CF1450061A5C3 /* BookModel.swift */; };
		BB424B0A299CF4A10061A5C3 /* AuthorModel.swift in Sources */ = {isa = PBXBuildFile; fileRef = BB424B09299CF4A10061A5C3 /* AuthorModel.swift */; };
		BB424B0E299CF5760061A5C3 /* ClientModel.swift in Sources */ = {isa = PBXBuildFile; fileRef = BB424B0D299CF5760061A5C3 /* ClientModel.swift */; };
		BB424B10299CFCB60061A5C3 /* OrderModel.swift in Sources */ = {isa = PBXBuildFile; fileRef = BB424B0F299CFCB60061A5C3 /* OrderModel.swift */; };
		BBB6A22D2993FAB2005C0FF4 /* Libreria_TrantorApp.swift in Sources */ = {isa = PBXBuildFile; fileRef = BBB6A22C2993FAB2005C0FF4 /* Libreria_TrantorApp.swift */; };
		BBB6A22F2993FAB2005C0FF4 /* ContentView.swift in Sources */ = {isa = PBXBuildFile; fileRef = BBB6A22E2993FAB2005C0FF4 /* ContentView.swift */; };
		BBB6A2312993FAB3005C0FF4 /* Assets.xcassets in Resources */ = {isa = PBXBuildFile; fileRef = BBB6A2302993FAB3005C0FF4 /* Assets.xcassets */; };
		BBB6A2342993FAB3005C0FF4 /* Preview Assets.xcassets in Resources */ = {isa = PBXBuildFile; fileRef = BBB6A2332993FAB3005C0FF4 /* Preview Assets.xcassets */; };
		BBB6A23B2993FE38005C0FF4 /* booksData.json in Resources */ = {isa = PBXBuildFile; fileRef = BBB6A23A2993FE38005C0FF4 /* booksData.json */; };
/* End PBXBuildFile section */

/* Begin PBXFileReference section */
		BB424AE2299BC6AE0061A5C3 /* Documentation.docc */ = {isa = PBXFileReference; lastKnownFileType = folder.documentationcatalog; path = Documentation.docc; sourceTree = "<group>"; };
		BB424AE9299BE1EA0061A5C3 /* NetworkStatus.swift */ = {isa = PBXFileReference; lastKnownFileType = sourcecode.swift; path = NetworkStatus.swift; sourceTree = "<group>"; };
		BB424AEC299BEF9F0061A5C3 /* AppOfflineView.swift */ = {isa = PBXFileReference; lastKnownFileType = sourcecode.swift; path = AppOfflineView.swift; sourceTree = "<group>"; };
		BB424AF2299BF0370061A5C3 /* en */ = {isa = PBXFileReference; lastKnownFileType = text.plist.strings; name = en; path = en.lproj/Localizable.strings; sourceTree = "<group>"; };
		BB424AF9299BF0970061A5C3 /* es */ = {isa = PBXFileReference; lastKnownFileType = text.plist.strings; name = es; path = es.lproj/Localizable.strings; sourceTree = "<group>"; };
		BB424AFD299BF1180061A5C3 /* ca */ = {isa = PBXFileReference; lastKnownFileType = text.plist.strings; name = ca; path = ca.lproj/Localizable.strings; sourceTree = "<group>"; };
		BB424AFE299BF1C20061A5C3 /* localizable+extension.swift */ = {isa = PBXFileReference; lastKnownFileType = sourcecode.swift; path = "localizable+extension.swift"; sourceTree = "<group>"; };
		BB424B00299BF3940061A5C3 /* Libreria-Trantor-Info.plist */ = {isa = PBXFileReference; lastKnownFileType = text.plist; path = "Libreria-Trantor-Info.plist"; sourceTree = SOURCE_ROOT; };
		BB424B01299CD9A60061A5C3 /* NetworkError.swift */ = {isa = PBXFileReference; lastKnownFileType = sourcecode.swift; path = NetworkError.swift; sourceTree = "<group>"; };
		BB424B05299CE1AA0061A5C3 /* NetworkClient.swift */ = {isa = PBXFileReference; lastKnownFileType = sourcecode.swift; path = NetworkClient.swift; sourceTree = "<group>"; };
		BB424B07299CF1450061A5C3 /* BookModel.swift */ = {isa = PBXFileReference; lastKnownFileType = sourcecode.swift; path = BookModel.swift; sourceTree = "<group>"; };
		BB424B09299CF4A10061A5C3 /* AuthorModel.swift */ = {isa = PBXFileReference; lastKnownFileType = sourcecode.swift; path = AuthorModel.swift; sourceTree = "<group>"; };
		BB424B0D299CF5760061A5C3 /* ClientModel.swift */ = {isa = PBXFileReference; lastKnownFileType = sourcecode.swift; path = ClientModel.swift; sourceTree = "<group>"; };
		BB424B0F299CFCB60061A5C3 /* OrderModel.swift */ = {isa = PBXFileReference; lastKnownFileType = sourcecode.swift; path = OrderModel.swift; sourceTree = "<group>"; };
		BBB6A2292993FAB2005C0FF4 /* Libreria Trantor.app */ = {isa = PBXFileReference; explicitFileType = wrapper.application; includeInIndex = 0; path = "Libreria Trantor.app"; sourceTree = BUILT_PRODUCTS_DIR; };
		BBB6A22C2993FAB2005C0FF4 /* Libreria_TrantorApp.swift */ = {isa = PBXFileReference; lastKnownFileType = sourcecode.swift; path = Libreria_TrantorApp.swift; sourceTree = "<group>"; };
		BBB6A22E2993FAB2005C0FF4 /* ContentView.swift */ = {isa = PBXFileReference; lastKnownFileType = sourcecode.swift; path = ContentView.swift; sourceTree = "<group>"; };
		BBB6A2302993FAB3005C0FF4 /* Assets.xcassets */ = {isa = PBXFileReference; lastKnownFileType = folder.assetcatalog; path = Assets.xcassets; sourceTree = "<group>"; };
		BBB6A2332993FAB3005C0FF4 /* Preview Assets.xcassets */ = {isa = PBXFileReference; lastKnownFileType = folder.assetcatalog; path = "Preview Assets.xcassets"; sourceTree = "<group>"; };
		BBB6A23A2993FE38005C0FF4 /* booksData.json */ = {isa = PBXFileReference; fileEncoding = 4; lastKnownFileType = text.json; name = booksData.json; path = "Libreria Trantor/Resources/booksData.json"; sourceTree = SOURCE_ROOT; };
/* End PBXFileReference section */

/* Begin PBXFrameworksBuildPhase section */
		BBB6A2262993FAB2005C0FF4 /* Frameworks */ = {
			isa = PBXFrameworksBuildPhase;
			buildActionMask = 2147483647;
			files = (
			);
			runOnlyForDeploymentPostprocessing = 0;
		};
/* End PBXFrameworksBuildPhase section */

/* Begin PBXGroup section */
		BB424AE4299BC93D0061A5C3 /* Views */ = {
			isa = PBXGroup;
			children = (
				BB424AEB299BEF460061A5C3 /* Components */,
			);
			path = Views;
			sourceTree = "<group>";
		};
		BB424AE5299BC94A0061A5C3 /* ViewModels */ = {
			isa = PBXGroup;
			children = (
			);
			path = ViewModels;
			sourceTree = "<group>";
		};
		BB424AE6299BC95D0061A5C3 /* Models */ = {
			isa = PBXGroup;
			children = (
				BB424B07299CF1450061A5C3 /* BookModel.swift */,
				BB424B09299CF4A10061A5C3 /* AuthorModel.swift */,
				BB424B0D299CF5760061A5C3 /* ClientModel.swift */,
				BB424B0F299CFCB60061A5C3 /* OrderModel.swift */,
			);
			path = Models;
			sourceTree = "<group>";
		};
		BB424AE8299BDFB40061A5C3 /* Network */ = {
			isa = PBXGroup;
			children = (
				BB424AE9299BE1EA0061A5C3 /* NetworkStatus.swift */,
				BB424B01299CD9A60061A5C3 /* NetworkError.swift */,
				BB424B05299CE1AA0061A5C3 /* NetworkClient.swift */,
			);
			path = Network;
			sourceTree = "<group>";
		};
		BB424AEB299BEF460061A5C3 /* Components */ = {
			isa = PBXGroup;
			children = (
				BB424AEC299BEF9F0061A5C3 /* AppOfflineView.swift */,
			);
			path = Components;
			sourceTree = "<group>";
		};
		BB424AEE299BF00B0061A5C3 /* Localizations */ = {
			isa = PBXGroup;
			children = (
				BB424AF3299BF0370061A5C3 /* Localizable.strings */,
				BB424AFE299BF1C20061A5C3 /* localizable+extension.swift */,
			);
			path = Localizations;
			sourceTree = "<group>";
		};
		BBB6A2202993FAB2005C0FF4 = {
			isa = PBXGroup;
			children = (
				BB424AE2299BC6AE0061A5C3 /* Documentation.docc */,
				BBB6A22B2993FAB2005C0FF4 /* Libreria Trantor */,
				BBB6A22A2993FAB2005C0FF4 /* Products */,
			);
			sourceTree = "<group>";
		};
		BBB6A22A2993FAB2005C0FF4 /* Products */ = {
			isa = PBXGroup;
			children = (
				BBB6A2292993FAB2005C0FF4 /* Libreria Trantor.app */,
			);
			name = Products;
			sourceTree = "<group>";
		};
		BBB6A22B2993FAB2005C0FF4 /* Libreria Trantor */ = {
			isa = PBXGroup;
			children = (
				BB424B00299BF3940061A5C3 /* Libreria-Trantor-Info.plist */,
				BB424AE6299BC95D0061A5C3 /* Models */,
				BB424AE5299BC94A0061A5C3 /* ViewModels */,
				BB424AE4299BC93D0061A5C3 /* Views */,
				BBB6A23D2993FE65005C0FF4 /* System */,
				BBB6A23C2993FE58005C0FF4 /* Resources */,
				BBB6A22E2993FAB2005C0FF4 /* ContentView.swift */,
				BBB6A2322993FAB3005C0FF4 /* Preview Content */,
			);
			path = "Libreria Trantor";
			sourceTree = "<group>";
		};
		BBB6A2322993FAB3005C0FF4 /* Preview Content */ = {
			isa = PBXGroup;
			children = (
				BBB6A2332993FAB3005C0FF4 /* Preview Assets.xcassets */,
			);
			path = "Preview Content";
			sourceTree = "<group>";
		};
		BBB6A23C2993FE58005C0FF4 /* Resources */ = {
			isa = PBXGroup;
			children = (
				BB424AEE299BF00B0061A5C3 /* Localizations */,
				BBB6A23A2993FE38005C0FF4 /* booksData.json */,
			);
			path = Resources;
			sourceTree = "<group>";
		};
		BBB6A23D2993FE65005C0FF4 /* System */ = {
			isa = PBXGroup;
			children = (
				BB424AE8299BDFB40061A5C3 /* Network */,
				BBB6A2302993FAB3005C0FF4 /* Assets.xcassets */,
				BBB6A22C2993FAB2005C0FF4 /* Libreria_TrantorApp.swift */,
			);
			path = System;
			sourceTree = "<group>";
		};
/* End PBXGroup section */

/* Begin PBXNativeTarget section */
		BBB6A2282993FAB2005C0FF4 /* Libreria Trantor */ = {
			isa = PBXNativeTarget;
			buildConfigurationList = BBB6A2372993FAB3005C0FF4 /* Build configuration list for PBXNativeTarget "Libreria Trantor" */;
			buildPhases = (
				BBB6A2252993FAB2005C0FF4 /* Sources */,
				BBB6A2262993FAB2005C0FF4 /* Frameworks */,
				BBB6A2272993FAB2005C0FF4 /* Resources */,
			);
			buildRules = (
			);
			dependencies = (
			);
			name = "Libreria Trantor";
			productName = "Libreria Trantor";
			productReference = BBB6A2292993FAB2005C0FF4 /* Libreria Trantor.app */;
			productType = "com.apple.product-type.application";
		};
/* End PBXNativeTarget section */

/* Begin PBXProject section */
		BBB6A2212993FAB2005C0FF4 /* Project object */ = {
			isa = PBXProject;
			attributes = {
				BuildIndependentTargetsInParallel = 1;
				LastSwiftUpdateCheck = 1420;
				LastUpgradeCheck = 1420;
				TargetAttributes = {
					BBB6A2282993FAB2005C0FF4 = {
						CreatedOnToolsVersion = 14.2;
					};
				};
			};
			buildConfigurationList = BBB6A2242993FAB2005C0FF4 /* Build configuration list for PBXProject "Libreria Trantor" */;
			compatibilityVersion = "Xcode 14.0";
			developmentRegion = en;
			hasScannedForEncodings = 0;
			knownRegions = (
				en,
				Base,
				es,
				ca,
			);
			mainGroup = BBB6A2202993FAB2005C0FF4;
			productRefGroup = BBB6A22A2993FAB2005C0FF4 /* Products */;
			projectDirPath = "";
			projectRoot = "";
			targets = (
				BBB6A2282993FAB2005C0FF4 /* Libreria Trantor */,
			);
		};
/* End PBXProject section */

/* Begin PBXResourcesBuildPhase section */
		BBB6A2272993FAB2005C0FF4 /* Resources */ = {
			isa = PBXResourcesBuildPhase;
			buildActionMask = 2147483647;
			files = (
				BBB6A2342993FAB3005C0FF4 /* Preview Assets.xcassets in Resources */,
				BB424AF1299BF0370061A5C3 /* Localizable.strings in Resources */,
				BBB6A2312993FAB3005C0FF4 /* Assets.xcassets in Resources */,
				BBB6A23B2993FE38005C0FF4 /* booksData.json in Resources */,
			);
			runOnlyForDeploymentPostprocessing = 0;
		};
/* End PBXResourcesBuildPhase section */

/* Begin PBXSourcesBuildPhase section */
		BBB6A2252993FAB2005C0FF4 /* Sources */ = {
			isa = PBXSourcesBuildPhase;
			buildActionMask = 2147483647;
			files = (
				BB424B0E299CF5760061A5C3 /* ClientModel.swift in Sources */,
				BB424AEA299BE1EA0061A5C3 /* NetworkStatus.swift in Sources */,
				BB424B02299CD9A60061A5C3 /* NetworkError.swift in Sources */,
				BBB6A22F2993FAB2005C0FF4 /* ContentView.swift in Sources */,
				BB424B10299CFCB60061A5C3 /* OrderModel.swift in Sources */,
				BB424B08299CF1450061A5C3 /* BookModel.swift in Sources */,
				BB424AFF299BF1C20061A5C3 /* localizable+extension.swift in Sources */,
				BB424AE3299BC6AE0061A5C3 /* Documentation.docc in Sources */,
				BB424B0A299CF4A10061A5C3 /* AuthorModel.swift in Sources */,
				BB424AED299BEF9F0061A5C3 /* AppOfflineView.swift in Sources */,
				BBB6A22D2993FAB2005C0FF4 /* Libreria_TrantorApp.swift in Sources */,
				BB424B06299CE1AA0061A5C3 /* NetworkClient.swift in Sources */,
			);
			runOnlyForDeploymentPostprocessing = 0;
		};
/* End PBXSourcesBuildPhase section */

/* Begin PBXVariantGroup section */
		BB424AF3299BF0370061A5C3 /* Localizable.strings */ = {
			isa = PBXVariantGroup;
			children = (
				BB424AF2299BF0370061A5C3 /* en */,
				BB424AF9299BF0970061A5C3 /* es */,
				BB424AFD299BF1180061A5C3 /* ca */,
			);
			name = Localizable.strings;
			sourceTree = "<group>";
		};
/* End PBXVariantGroup section */

/* Begin XCBuildConfiguration section */
		BBB6A2352993FAB3005C0FF4 /* Debug */ = {
			isa = XCBuildConfiguration;
			buildSettings = {
				ALWAYS_SEARCH_USER_PATHS = NO;
				CLANG_ANALYZER_LOCALIZABILITY_NONLOCALIZED = YES;
				CLANG_ANALYZER_NONNULL = YES;
				CLANG_ANALYZER_NUMBER_OBJECT_CONVERSION = YES_AGGRESSIVE;
				CLANG_CXX_LANGUAGE_STANDARD = "gnu++20";
				CLANG_ENABLE_MODULES = YES;
				CLANG_ENABLE_OBJC_ARC = YES;
				CLANG_ENABLE_OBJC_WEAK = YES;
				CLANG_WARN_BLOCK_CAPTURE_AUTORELEASING = YES;
				CLANG_WARN_BOOL_CONVERSION = YES;
				CLANG_WARN_COMMA = YES;
				CLANG_WARN_CONSTANT_CONVERSION = YES;
				CLANG_WARN_DEPRECATED_OBJC_IMPLEMENTATIONS = YES;
				CLANG_WARN_DIRECT_OBJC_ISA_USAGE = YES_ERROR;
				CLANG_WARN_DOCUMENTATION_COMMENTS = YES;
				CLANG_WARN_EMPTY_BODY = YES;
				CLANG_WARN_ENUM_CONVERSION = YES;
				CLANG_WARN_INFINITE_RECURSION = YES;
				CLANG_WARN_INT_CONVERSION = YES;
				CLANG_WARN_NON_LITERAL_NULL_CONVERSION = YES;
				CLANG_WARN_OBJC_IMPLICIT_RETAIN_SELF = YES;
				CLANG_WARN_OBJC_LITERAL_CONVERSION = YES;
				CLANG_WARN_OBJC_ROOT_CLASS = YES_ERROR;
				CLANG_WARN_QUOTED_INCLUDE_IN_FRAMEWORK_HEADER = YES;
				CLANG_WARN_RANGE_LOOP_ANALYSIS = YES;
				CLANG_WARN_STRICT_PROTOTYPES = YES;
				CLANG_WARN_SUSPICIOUS_MOVE = YES;
				CLANG_WARN_UNGUARDED_AVAILABILITY = YES_AGGRESSIVE;
				CLANG_WARN_UNREACHABLE_CODE = YES;
				CLANG_WARN__DUPLICATE_METHOD_MATCH = YES;
				COPY_PHASE_STRIP = NO;
				DEBUG_INFORMATION_FORMAT = dwarf;
				ENABLE_STRICT_OBJC_MSGSEND = YES;
				ENABLE_TESTABILITY = YES;
				GCC_C_LANGUAGE_STANDARD = gnu11;
				GCC_DYNAMIC_NO_PIC = NO;
				GCC_NO_COMMON_BLOCKS = YES;
				GCC_OPTIMIZATION_LEVEL = 0;
				GCC_PREPROCESSOR_DEFINITIONS = (
					"DEBUG=1",
					"$(inherited)",
				);
				GCC_WARN_64_TO_32_BIT_CONVERSION = YES;
				GCC_WARN_ABOUT_RETURN_TYPE = YES_ERROR;
				GCC_WARN_UNDECLARED_SELECTOR = YES;
				GCC_WARN_UNINITIALIZED_AUTOS = YES_AGGRESSIVE;
				GCC_WARN_UNUSED_FUNCTION = YES;
				GCC_WARN_UNUSED_VARIABLE = YES;
				IPHONEOS_DEPLOYMENT_TARGET = 16.2;
				MTL_ENABLE_DEBUG_INFO = INCLUDE_SOURCE;
				MTL_FAST_MATH = YES;
				ONLY_ACTIVE_ARCH = YES;
				SDKROOT = iphoneos;
				SWIFT_ACTIVE_COMPILATION_CONDITIONS = DEBUG;
				SWIFT_OPTIMIZATION_LEVEL = "-Onone";
			};
			name = Debug;
		};
		BBB6A2362993FAB3005C0FF4 /* Release */ = {
			isa = XCBuildConfiguration;
			buildSettings = {
				ALWAYS_SEARCH_USER_PATHS = NO;
				CLANG_ANALYZER_LOCALIZABILITY_NONLOCALIZED = YES;
				CLANG_ANALYZER_NONNULL = YES;
				CLANG_ANALYZER_NUMBER_OBJECT_CONVERSION = YES_AGGRESSIVE;
				CLANG_CXX_LANGUAGE_STANDARD = "gnu++20";
				CLANG_ENABLE_MODULES = YES;
				CLANG_ENABLE_OBJC_ARC = YES;
				CLANG_ENABLE_OBJC_WEAK = YES;
				CLANG_WARN_BLOCK_CAPTURE_AUTORELEASING = YES;
				CLANG_WARN_BOOL_CONVERSION = YES;
				CLANG_WARN_COMMA = YES;
				CLANG_WARN_CONSTANT_CONVERSION = YES;
				CLANG_WARN_DEPRECATED_OBJC_IMPLEMENTATIONS = YES;
				CLANG_WARN_DIRECT_OBJC_ISA_USAGE = YES_ERROR;
				CLANG_WARN_DOCUMENTATION_COMMENTS = YES;
				CLANG_WARN_EMPTY_BODY = YES;
				CLANG_WARN_ENUM_CONVERSION = YES;
				CLANG_WARN_INFINITE_RECURSION = YES;
				CLANG_WARN_INT_CONVERSION = YES;
				CLANG_WARN_NON_LITERAL_NULL_CONVERSION = YES;
				CLANG_WARN_OBJC_IMPLICIT_RETAIN_SELF = YES;
				CLANG_WARN_OBJC_LITERAL_CONVERSION = YES;
				CLANG_WARN_OBJC_ROOT_CLASS = YES_ERROR;
				CLANG_WARN_QUOTED_INCLUDE_IN_FRAMEWORK_HEADER = YES;
				CLANG_WARN_RANGE_LOOP_ANALYSIS = YES;
				CLANG_WARN_STRICT_PROTOTYPES = YES;
				CLANG_WARN_SUSPICIOUS_MOVE = YES;
				CLANG_WARN_UNGUARDED_AVAILABILITY = YES_AGGRESSIVE;
				CLANG_WARN_UNREACHABLE_CODE = YES;
				CLANG_WARN__DUPLICATE_METHOD_MATCH = YES;
				COPY_PHASE_STRIP = NO;
				DEBUG_INFORMATION_FORMAT = "dwarf-with-dsym";
				ENABLE_NS_ASSERTIONS = NO;
				ENABLE_STRICT_OBJC_MSGSEND = YES;
				GCC_C_LANGUAGE_STANDARD = gnu11;
				GCC_NO_COMMON_BLOCKS = YES;
				GCC_WARN_64_TO_32_BIT_CONVERSION = YES;
				GCC_WARN_ABOUT_RETURN_TYPE = YES_ERROR;
				GCC_WARN_UNDECLARED_SELECTOR = YES;
				GCC_WARN_UNINITIALIZED_AUTOS = YES_AGGRESSIVE;
				GCC_WARN_UNUSED_FUNCTION = YES;
				GCC_WARN_UNUSED_VARIABLE = YES;
				IPHONEOS_DEPLOYMENT_TARGET = 16.2;
				MTL_ENABLE_DEBUG_INFO = NO;
				MTL_FAST_MATH = YES;
				SDKROOT = iphoneos;
				SWIFT_COMPILATION_MODE = wholemodule;
				SWIFT_OPTIMIZATION_LEVEL = "-O";
				VALIDATE_PRODUCT = YES;
			};
			name = Release;
		};
		BBB6A2382993FAB3005C0FF4 /* Debug */ = {
			isa = XCBuildConfiguration;
			buildSettings = {
				ASSETCATALOG_COMPILER_APPICON_NAME = AppIcon;
				ASSETCATALOG_COMPILER_GLOBAL_ACCENT_COLOR_NAME = AccentColor;
				CODE_SIGN_STYLE = Automatic;
				CURRENT_PROJECT_VERSION = 1;
				DEVELOPMENT_ASSET_PATHS = "\"Libreria Trantor/Preview Content\"";
				DEVELOPMENT_TEAM = BV32R4D4MU;
				ENABLE_PREVIEWS = YES;
				GENERATE_INFOPLIST_FILE = YES;
				INFOPLIST_FILE = "Libreria-Trantor-Info.plist";
				INFOPLIST_KEY_UIApplicationSupportsIndirectInputEvents = YES;
				INFOPLIST_KEY_UILaunchScreen_Generation = YES;
				INFOPLIST_KEY_UISupportedInterfaceOrientations_iPad = "UIInterfaceOrientationPortrait UIInterfaceOrientationPortraitUpsideDown UIInterfaceOrientationLandscapeLeft UIInterfaceOrientationLandscapeRight";
				INFOPLIST_KEY_UISupportedInterfaceOrientations_iPhone = "UIInterfaceOrientationPortrait UIInterfaceOrientationLandscapeLeft UIInterfaceOrientationLandscapeRight";
				LD_RUNPATH_SEARCH_PATHS = (
					"$(inherited)",
					"@executable_path/Frameworks",
				);
				MARKETING_VERSION = 1.0;
				PRODUCT_BUNDLE_IDENTIFIER = "ddura.Libreria-Trantor";
				PRODUCT_NAME = "$(TARGET_NAME)";
				SWIFT_EMIT_LOC_STRINGS = YES;
				SWIFT_VERSION = 5.0;
				TARGETED_DEVICE_FAMILY = "1,2";
			};
			name = Debug;
		};
		BBB6A2392993FAB3005C0FF4 /* Release */ = {
			isa = XCBuildConfiguration;
			buildSettings = {
				ASSETCATALOG_COMPILER_APPICON_NAME = AppIcon;
				ASSETCATALOG_COMPILER_GLOBAL_ACCENT_COLOR_NAME = AccentColor;
				CODE_SIGN_STYLE = Automatic;
				CURRENT_PROJECT_VERSION = 1;
				DEVELOPMENT_ASSET_PATHS = "\"Libreria Trantor/Preview Content\"";
				DEVELOPMENT_TEAM = BV32R4D4MU;
				ENABLE_PREVIEWS = YES;
				GENERATE_INFOPLIST_FILE = YES;
				INFOPLIST_FILE = "Libreria-Trantor-Info.plist";
				INFOPLIST_KEY_UIApplicationSupportsIndirectInputEvents = YES;
				INFOPLIST_KEY_UILaunchScreen_Generation = YES;
				INFOPLIST_KEY_UISupportedInterfaceOrientations_iPad = "UIInterfaceOrientationPortrait UIInterfaceOrientationPortraitUpsideDown UIInterfaceOrientationLandscapeLeft UIInterfaceOrientationLandscapeRight";
				INFOPLIST_KEY_UISupportedInterfaceOrientations_iPhone = "UIInterfaceOrientationPortrait UIInterfaceOrientationLandscapeLeft UIInterfaceOrientationLandscapeRight";
				LD_RUNPATH_SEARCH_PATHS = (
					"$(inherited)",
					"@executable_path/Frameworks",
				);
				MARKETING_VERSION = 1.0;
				PRODUCT_BUNDLE_IDENTIFIER = "ddura.Libreria-Trantor";
				PRODUCT_NAME = "$(TARGET_NAME)";
				SWIFT_EMIT_LOC_STRINGS = YES;
				SWIFT_VERSION = 5.0;
				TARGETED_DEVICE_FAMILY = "1,2";
			};
			name = Release;
		};
/* End XCBuildConfiguration section */

/* Begin XCConfigurationList section */
		BBB6A2242993FAB2005C0FF4 /* Build configuration list for PBXProject "Libreria Trantor" */ = {
			isa = XCConfigurationList;
			buildConfigurations = (
				BBB6A2352993FAB3005C0FF4 /* Debug */,
				BBB6A2362993FAB3005C0FF4 /* Release */,
			);
			defaultConfigurationIsVisible = 0;
			defaultConfigurationName = Release;
		};
		BBB6A2372993FAB3005C0FF4 /* Build configuration list for PBXNativeTarget "Libreria Trantor" */ = {
			isa = XCConfigurationList;
			buildConfigurations = (
				BBB6A2382993FAB3005C0FF4 /* Debug */,
				BBB6A2392993FAB3005C0FF4 /* Release */,
			);
			defaultConfigurationIsVisible = 0;
			defaultConfigurationName = Release;
		};
/* End XCConfigurationList section */
	};
	rootObject = BBB6A2212993FAB2005C0FF4 /* Project object */;
}
